// !$*UTF8*$!
{
	archiveVersion = 1;
	classes = {
	};
	objectVersion = 50;
	objects = {

/* Begin PBXBuildFile section */
		8C28072F2AAFE14700D7534E /* BotonesApp.swift in Sources */ = {isa = PBXBuildFile; fileRef = 8C28072E2AAFE14700D7534E /* BotonesApp.swift */; };
		8C2807312AAFE14700D7534E /* ContentView.swift in Sources */ = {isa = PBXBuildFile; fileRef = 8C2807302AAFE14700D7534E /* ContentView.swift */; };
		8C2807332AAFE14900D7534E /* Assets.xcassets in Resources */ = {isa = PBXBuildFile; fileRef = 8C2807322AAFE14900D7534E /* Assets.xcassets */; };
		8C2807362AAFE14900D7534E /* Preview Assets.xcassets in Resources */ = {isa = PBXBuildFile; fileRef = 8C2807352AAFE14900D7534E /* Preview Assets.xcassets */; };
		8C2807412AAFE14A00D7534E /* BotonesTests.swift in Sources */ = {isa = PBXBuildFile; fileRef = 8C2807402AAFE14A00D7534E /* BotonesTests.swift */; };
		8C28074C2AAFE14A00D7534E /* BotonesUITests.swift in Sources */ = {isa = PBXBuildFile; fileRef = 8C28074B2AAFE14A00D7534E /* BotonesUITests.swift */; };
/* End PBXBuildFile section */

/* Begin PBXContainerItemProxy section */
		8C28073D2AAFE14A00D7534E /* PBXContainerItemProxy */ = {
			isa = PBXContainerItemProxy;
			containerPortal = 8C2807232AAFE14700D7534E /* Project object */;
			proxyType = 1;
			remoteGlobalIDString = 8C28072A2AAFE14700D7534E;
			remoteInfo = Botones;
		};
		8C2807482AAFE14A00D7534E /* PBXContainerItemProxy */ = {
			isa = PBXContainerItemProxy;
			containerPortal = 8C2807232AAFE14700D7534E /* Project object */;
			proxyType = 1;
			remoteGlobalIDString = 8C28072A2AAFE14700D7534E;
			remoteInfo = Botones;
		};
/* End PBXContainerItemProxy section */

/* Begin PBXFileReference section */
		8C28072B2AAFE14700D7534E /* Botones.app */ = {isa = PBXFileReference; explicitFileType = wrapper.application; includeInIndex = 0; path = Botones.app; sourceTree = BUILT_PRODUCTS_DIR; };
		8C28072E2AAFE14700D7534E /* BotonesApp.swift */ = {isa = PBXFileReference; lastKnownFileType = sourcecode.swift; path = BotonesApp.swift; sourceTree = "<group>"; };
		8C2807302AAFE14700D7534E /* ContentView.swift */ = {isa = PBXFileReference; lastKnownFileType = sourcecode.swift; path = ContentView.swift; sourceTree = "<group>"; };
		8C2807322AAFE14900D7534E /* Assets.xcassets */ = {isa = PBXFileReference; lastKnownFileType = folder.assetcatalog; path = Assets.xcassets; sourceTree = "<group>"; };
		8C2807352AAFE14900D7534E /* Preview Assets.xcassets */ = {isa = PBXFileReference; lastKnownFileType = folder.assetcatalog; path = "Preview Assets.xcassets"; sourceTree = "<group>"; };
		8C2807372AAFE14900D7534E /* Info.plist */ = {isa = PBXFileReference; lastKnownFileType = text.plist.xml; path = Info.plist; sourceTree = "<group>"; };
		8C28073C2AAFE14A00D7534E /* BotonesTests.xctest */ = {isa = PBXFileReference; explicitFileType = wrapper.cfbundle; includeInIndex = 0; path = BotonesTests.xctest; sourceTree = BUILT_PRODUCTS_DIR; };
		8C2807402AAFE14A00D7534E /* BotonesTests.swift */ = {isa = PBXFileReference; lastKnownFileType = sourcecode.swift; path = BotonesTests.swift; sourceTree = "<group>"; };
		8C2807422AAFE14A00D7534E /* Info.plist */ = {isa = PBXFileReference; lastKnownFileType = text.plist.xml; path = Info.plist; sourceTree = "<group>"; };
		8C2807472AAFE14A00D7534E /* BotonesUITests.xctest */ = {isa = PBXFileReference; explicitFileType = wrapper.cfbundle; includeInIndex = 0; path = BotonesUITests.xctest; sourceTree = BUILT_PRODUCTS_DIR; };
		8C28074B2AAFE14A00D7534E /* BotonesUITests.swift */ = {isa = PBXFileReference; lastKnownFileType = sourcecode.swift; path = BotonesUITests.swift; sourceTree = "<group>"; };
		8C28074D2AAFE14A00D7534E /* Info.plist */ = {isa = PBXFileReference; lastKnownFileType = text.plist.xml; path = Info.plist; sourceTree = "<group>"; };
/* End PBXFileReference section */

/* Begin PBXFrameworksBuildPhase section */
		8C2807282AAFE14700D7534E /* Frameworks */ = {
			isa = PBXFrameworksBuildPhase;
			buildActionMask = 2147483647;
			files = (
			);
			runOnlyForDeploymentPostprocessing = 0;
		};
		8C2807392AAFE14A00D7534E /* Frameworks */ = {
			isa = PBXFrameworksBuildPhase;
			buildActionMask = 2147483647;
			files = (
			);
			runOnlyForDeploymentPostprocessing = 0;
		};
		8C2807442AAFE14A00D7534E /* Frameworks */ = {
			isa = PBXFrameworksBuildPhase;
			buildActionMask = 2147483647;
			files = (
			);
			runOnlyForDeploymentPostprocessing = 0;
		};
/* End PBXFrameworksBuildPhase section */

/* Begin PBXGroup section */
		8C2807222AAFE14700D7534E = {
			isa = PBXGroup;
			children = (
				8C28072D2AAFE14700D7534E /* Botones */,
				8C28073F2AAFE14A00D7534E /* BotonesTests */,
				8C28074A2AAFE14A00D7534E /* BotonesUITests */,
				8C28072C2AAFE14700D7534E /* Products */,
			);
			sourceTree = "<group>";
		};
		8C28072C2AAFE14700D7534E /* Products */ = {
			isa = PBXGroup;
			children = (
				8C28072B2AAFE14700D7534E /* Botones.app */,
				8C28073C2AAFE14A00D7534E /* BotonesTests.xctest */,
				8C2807472AAFE14A00D7534E /* BotonesUITests.xctest */,
			);
			name = Products;
			sourceTree = "<group>";
		};
		8C28072D2AAFE14700D7534E /* Botones */ = {
			isa = PBXGroup;
			children = (
				8C28072E2AAFE14700D7534E /* BotonesApp.swift */,
				8C2807302AAFE14700D7534E /* ContentView.swift */,
				8C2807322AAFE14900D7534E /* Assets.xcassets */,
				8C2807372AAFE14900D7534E /* Info.plist */,
				8C2807342AAFE14900D7534E /* Preview Content */,
			);
			path = Botones;
			sourceTree = "<group>";
		};
		8C2807342AAFE14900D7534E /* Preview Content */ = {
			isa = PBXGroup;
			children = (
				8C2807352AAFE14900D7534E /* Preview Assets.xcassets */,
			);
			path = "Preview Content";
			sourceTree = "<group>";
		};
		8C28073F2AAFE14A00D7534E /* BotonesTests */ = {
			isa = PBXGroup;
			children = (
				8C2807402AAFE14A00D7534E /* BotonesTests.swift */,
				8C2807422AAFE14A00D7534E /* Info.plist */,
			);
			path = BotonesTests;
			sourceTree = "<group>";
		};
		8C28074A2AAFE14A00D7534E /* BotonesUITests */ = {
			isa = PBXGroup;
			children = (
				8C28074B2AAFE14A00D7534E /* BotonesUITests.swift */,
				8C28074D2AAFE14A00D7534E /* Info.plist */,
			);
			path = BotonesUITests;
			sourceTree = "<group>";
		};
/* End PBXGroup section */

/* Begin PBXNativeTarget section */
		8C28072A2AAFE14700D7534E /* Botones */ = {
			isa = PBXNativeTarget;
			buildConfigurationList = 8C2807502AAFE14A00D7534E /* Build configuration list for PBXNativeTarget "Botones" */;
			buildPhases = (
				8C2807272AAFE14700D7534E /* Sources */,
				8C2807282AAFE14700D7534E /* Frameworks */,
				8C2807292AAFE14700D7534E /* Resources */,
			);
			buildRules = (
			);
			dependencies = (
			);
			name = Botones;
			productName = Botones;
			productReference = 8C28072B2AAFE14700D7534E /* Botones.app */;
			productType = "com.apple.product-type.application";
		};
		8C28073B2AAFE14A00D7534E /* BotonesTests */ = {
			isa = PBXNativeTarget;
			buildConfigurationList = 8C2807532AAFE14A00D7534E /* Build configuration list for PBXNativeTarget "BotonesTests" */;
			buildPhases = (
				8C2807382AAFE14A00D7534E /* Sources */,
				8C2807392AAFE14A00D7534E /* Frameworks */,
				8C28073A2AAFE14A00D7534E /* Resources */,
			);
			buildRules = (
			);
			dependencies = (
				8C28073E2AAFE14A00D7534E /* PBXTargetDependency */,
			);
			name = BotonesTests;
			productName = BotonesTests;
			productReference = 8C28073C2AAFE14A00D7534E /* BotonesTests.xctest */;
			productType = "com.apple.product-type.bundle.unit-test";
		};
		8C2807462AAFE14A00D7534E /* BotonesUITests */ = {
			isa = PBXNativeTarget;
			buildConfigurationList = 8C2807562AAFE14A00D7534E /* Build configuration list for PBXNativeTarget "BotonesUITests" */;
			buildPhases = (
				8C2807432AAFE14A00D7534E /* Sources */,
				8C2807442AAFE14A00D7534E /* Frameworks */,
				8C2807452AAFE14A00D7534E /* Resources */,
			);
			buildRules = (
			);
			dependencies = (
				8C2807492AAFE14A00D7534E /* PBXTargetDependency */,
			);
			name = BotonesUITests;
			productName = BotonesUITests;
			productReference = 8C2807472AAFE14A00D7534E /* BotonesUITests.xctest */;
			productType = "com.apple.product-type.bundle.ui-testing";
		};
/* End PBXNativeTarget section */

/* Begin PBXProject section */
		8C2807232AAFE14700D7534E /* Project object */ = {
			isa = PBXProject;
			attributes = {
				LastSwiftUpdateCheck = 1240;
				LastUpgradeCheck = 1240;
				TargetAttributes = {
					8C28072A2AAFE14700D7534E = {
						CreatedOnToolsVersion = 12.4;
					};
					8C28073B2AAFE14A00D7534E = {
						CreatedOnToolsVersion = 12.4;
						TestTargetID = 8C28072A2AAFE14700D7534E;
					};
					8C2807462AAFE14A00D7534E = {
						CreatedOnToolsVersion = 12.4;
						TestTargetID = 8C28072A2AAFE14700D7534E;
					};
				};
			};
			buildConfigurationList = 8C2807262AAFE14700D7534E /* Build configuration list for PBXProject "Botones" */;
			compatibilityVersion = "Xcode 9.3";
			developmentRegion = en;
			hasScannedForEncodings = 0;
			knownRegions = (
				en,
				Base,
			);
			mainGroup = 8C2807222AAFE14700D7534E;
			productRefGroup = 8C28072C2AAFE14700D7534E /* Products */;
			projectDirPath = "";
			projectRoot = "";
			targets = (
				8C28072A2AAFE14700D7534E /* Botones */,
				8C28073B2AAFE14A00D7534E /* BotonesTests */,
				8C2807462AAFE14A00D7534E /* BotonesUITests */,
			);
		};
/* End PBXProject section */

/* Begin PBXResourcesBuildPhase section */
		8C2807292AAFE14700D7534E /* Resources */ = {
			isa = PBXResourcesBuildPhase;
			buildActionMask = 2147483647;
			files = (
				8C2807362AAFE14900D7534E /* Preview Assets.xcassets in Resources */,
				8C2807332AAFE14900D7534E /* Assets.xcassets in Resources */,
			);
			runOnlyForDeploymentPostprocessing = 0;
		};
		8C28073A2AAFE14A00D7534E /* Resources */ = {
			isa = PBXResourcesBuildPhase;
			buildActionMask = 2147483647;
			files = (
			);
			runOnlyForDeploymentPostprocessing = 0;
		};
		8C2807452AAFE14A00D7534E /* Resources */ = {
			isa = PBXResourcesBuildPhase;
			buildActionMask = 2147483647;
			files = (
			);
			runOnlyForDeploymentPostprocessing = 0;
		};
/* End PBXResourcesBuildPhase section */

/* Begin PBXSourcesBuildPhase section */
		8C2807272AAFE14700D7534E /* Sources */ = {
			isa = PBXSourcesBuildPhase;
			buildActionMask = 2147483647;
			files = (
				8C2807312AAFE14700D7534E /* ContentView.swift in Sources */,
				8C28072F2AAFE14700D7534E /* BotonesApp.swift in Sources */,
			);
			runOnlyForDeploymentPostprocessing = 0;
		};
		8C2807382AAFE14A00D7534E /* Sources */ = {
			isa = PBXSourcesBuildPhase;
			buildActionMask = 2147483647;
			files = (
				8C2807412AAFE14A00D7534E /* BotonesTests.swift in Sources */,
			);
			runOnlyForDeploymentPostprocessing = 0;
		};
		8C2807432AAFE14A00D7534E /* Sources */ = {
			isa = PBXSourcesBuildPhase;
			buildActionMask = 2147483647;
			files = (
				8C28074C2AAFE14A00D7534E /* BotonesUITests.swift in Sources */,
			);
			runOnlyForDeploymentPostprocessing = 0;
		};
/* End PBXSourcesBuildPhase section */

/* Begin PBXTargetDependency section */
		8C28073E2AAFE14A00D7534E /* PBXTargetDependency */ = {
			isa = PBXTargetDependency;
			target = 8C28072A2AAFE14700D7534E /* Botones */;
			targetProxy = 8C28073D2AAFE14A00D7534E /* PBXContainerItemProxy */;
		};
		8C2807492AAFE14A00D7534E /* PBXTargetDependency */ = {
			isa = PBXTargetDependency;
			target = 8C28072A2AAFE14700D7534E /* Botones */;
			targetProxy = 8C2807482AAFE14A00D7534E /* PBXContainerItemProxy */;
		};
/* End PBXTargetDependency section */

/* Begin XCBuildConfiguration section */
		8C28074E2AAFE14A00D7534E /* Debug */ = {
			isa = XCBuildConfiguration;
			buildSettings = {
				ALWAYS_SEARCH_USER_PATHS = NO;
				CLANG_ANALYZER_NONNULL = YES;
				CLANG_ANALYZER_NUMBER_OBJECT_CONVERSION = YES_AGGRESSIVE;
				CLANG_CXX_LANGUAGE_STANDARD = "gnu++14";
				CLANG_CXX_LIBRARY = "libc++";
				CLANG_ENABLE_MODULES = YES;
				CLANG_ENABLE_OBJC_ARC = YES;
				CLANG_ENABLE_OBJC_WEAK = YES;
				CLANG_WARN_BLOCK_CAPTURE_AUTORELEASING = YES;
				CLANG_WARN_BOOL_CONVERSION = YES;
				CLANG_WARN_COMMA = YES;
				CLANG_WARN_CONSTANT_CONVERSION = YES;
				CLANG_WARN_DEPRECATED_OBJC_IMPLEMENTATIONS = YES;
				CLANG_WARN_DIRECT_OBJC_ISA_USAGE = YES_ERROR;
				CLANG_WARN_DOCUMENTATION_COMMENTS = YES;
				CLANG_WARN_EMPTY_BODY = YES;
				CLANG_WARN_ENUM_CONVERSION = YES;
				CLANG_WARN_INFINITE_RECURSION = YES;
				CLANG_WARN_INT_CONVERSION = YES;
				CLANG_WARN_NON_LITERAL_NULL_CONVERSION = YES;
				CLANG_WARN_OBJC_IMPLICIT_RETAIN_SELF = YES;
				CLANG_WARN_OBJC_LITERAL_CONVERSION = YES;
				CLANG_WARN_OBJC_ROOT_CLASS = YES_ERROR;
				CLANG_WARN_QUOTED_INCLUDE_IN_FRAMEWORK_HEADER = YES;
				CLANG_WARN_RANGE_LOOP_ANALYSIS = YES;
				CLANG_WARN_STRICT_PROTOTYPES = YES;
				CLANG_WARN_SUSPICIOUS_MOVE = YES;
				CLANG_WARN_UNGUARDED_AVAILABILITY = YES_AGGRESSIVE;
				CLANG_WARN_UNREACHABLE_CODE = YES;
				CLANG_WARN__DUPLICATE_METHOD_MATCH = YES;
				COPY_PHASE_STRIP = NO;
				DEBUG_INFORMATION_FORMAT = dwarf;
				ENABLE_STRICT_OBJC_MSGSEND = YES;
				ENABLE_TESTABILITY = YES;
				GCC_C_LANGUAGE_STANDARD = gnu11;
				GCC_DYNAMIC_NO_PIC = NO;
				GCC_NO_COMMON_BLOCKS = YES;
				GCC_OPTIMIZATION_LEVEL = 0;
				GCC_PREPROCESSOR_DEFINITIONS = (
					"DEBUG=1",
					"$(inherited)",
				);
				GCC_WARN_64_TO_32_BIT_CONVERSION = YES;
				GCC_WARN_ABOUT_RETURN_TYPE = YES_ERROR;
				GCC_WARN_UNDECLARED_SELECTOR = YES;
				GCC_WARN_UNINITIALIZED_AUTOS = YES_AGGRESSIVE;
				GCC_WARN_UNUSED_FUNCTION = YES;
				GCC_WARN_UNUSED_VARIABLE = YES;
				IPHONEOS_DEPLOYMENT_TARGET = 14.4;
				MTL_ENABLE_DEBUG_INFO = INCLUDE_SOURCE;
				MTL_FAST_MATH = YES;
				ONLY_ACTIVE_ARCH = YES;
				SDKROOT = iphoneos;
				SWIFT_ACTIVE_COMPILATION_CONDITIONS = DEBUG;
				SWIFT_OPTIMIZATION_LEVEL = "-Onone";
			};
			name = Debug;
		};
		8C28074F2AAFE14A00D7534E /* Release */ = {
			isa = XCBuildConfiguration;
			buildSettings = {
				ALWAYS_SEARCH_USER_PATHS = NO;
				CLANG_ANALYZER_NONNULL = YES;
				CLANG_ANALYZER_NUMBER_OBJECT_CONVERSION = YES_AGGRESSIVE;
				CLANG_CXX_LANGUAGE_STANDARD = "gnu++14";
				CLANG_CXX_LIBRARY = "libc++";
				CLANG_ENABLE_MODULES = YES;
				CLANG_ENABLE_OBJC_ARC = YES;
				CLANG_ENABLE_OBJC_WEAK = YES;
				CLANG_WARN_BLOCK_CAPTURE_AUTORELEASING = YES;
				CLANG_WARN_BOOL_CONVERSION = YES;
				CLANG_WARN_COMMA = YES;
				CLANG_WARN_CONSTANT_CONVERSION = YES;
				CLANG_WARN_DEPRECATED_OBJC_IMPLEMENTATIONS = YES;
				CLANG_WARN_DIRECT_OBJC_ISA_USAGE = YES_ERROR;
				CLANG_WARN_DOCUMENTATION_COMMENTS = YES;
				CLANG_WARN_EMPTY_BODY = YES;
				CLANG_WARN_ENUM_CONVERSION = YES;
				CLANG_WARN_INFINITE_RECURSION = YES;
				CLANG_WARN_INT_CONVERSION = YES;
				CLANG_WARN_NON_LITERAL_NULL_CONVERSION = YES;
				CLANG_WARN_OBJC_IMPLICIT_RETAIN_SELF = YES;
				CLANG_WARN_OBJC_LITERAL_CONVERSION = YES;
				CLANG_WARN_OBJC_ROOT_CLASS = YES_ERROR;
				CLANG_WARN_QUOTED_INCLUDE_IN_FRAMEWORK_HEADER = YES;
				CLANG_WARN_RANGE_LOOP_ANALYSIS = YES;
				CLANG_WARN_STRICT_PROTOTYPES = YES;
				CLANG_WARN_SUSPICIOUS_MOVE = YES;
				CLANG_WARN_UNGUARDED_AVAILABILITY = YES_AGGRESSIVE;
				CLANG_WARN_UNREACHABLE_CODE = YES;
				CLANG_WARN__DUPLICATE_METHOD_MATCH = YES;
				COPY_PHASE_STRIP = NO;
				DEBUG_INFORMATION_FORMAT = "dwarf-with-dsym";
				ENABLE_NS_ASSERTIONS = NO;
				ENABLE_STRICT_OBJC_MSGSEND = YES;
				GCC_C_LANGUAGE_STANDARD = gnu11;
				GCC_NO_COMMON_BLOCKS = YES;
				GCC_WARN_64_TO_32_BIT_CONVERSION = YES;
				GCC_WARN_ABOUT_RETURN_TYPE = YES_ERROR;
				GCC_WARN_UNDECLARED_SELECTOR = YES;
				GCC_WARN_UNINITIALIZED_AUTOS = YES_AGGRESSIVE;
				GCC_WARN_UNUSED_FUNCTION = YES;
				GCC_WARN_UNUSED_VARIABLE = YES;
				IPHONEOS_DEPLOYMENT_TARGET = 14.4;
				MTL_ENABLE_DEBUG_INFO = NO;
				MTL_FAST_MATH = YES;
				SDKROOT = iphoneos;
				SWIFT_COMPILATION_MODE = wholemodule;
				SWIFT_OPTIMIZATION_LEVEL = "-O";
				VALIDATE_PRODUCT = YES;
			};
			name = Release;
		};
		8C2807512AAFE14A00D7534E /* Debug */ = {
			isa = XCBuildConfiguration;
			buildSettings = {
				ASSETCATALOG_COMPILER_APPICON_NAME = AppIcon;
				ASSETCATALOG_COMPILER_GLOBAL_ACCENT_COLOR_NAME = AccentColor;
				CODE_SIGN_STYLE = Automatic;
				DEVELOPMENT_ASSET_PATHS = "\"Botones/Preview Content\"";
				ENABLE_PREVIEWS = YES;
				INFOPLIST_FILE = Botones/Info.plist;
				IPHONEOS_DEPLOYMENT_TARGET = 14.0;
				LD_RUNPATH_SEARCH_PATHS = (
					"$(inherited)",
					"@executable_path/Frameworks",
				);
				PRODUCT_BUNDLE_IDENTIFIER = edu.iest.Botones;
				PRODUCT_NAME = "$(TARGET_NAME)";
				SWIFT_VERSION = 5.0;
				TARGETED_DEVICE_FAMILY = "1,2";
			};
			name = Debug;
		};
		8C2807522AAFE14A00D7534E /* Release */ = {
			isa = XCBuildConfiguration;
			buildSettings = {
				ASSETCATALOG_COMPILER_APPICON_NAME = AppIcon;
				ASSETCATALOG_COMPILER_GLOBAL_ACCENT_COLOR_NAME = AccentColor;
				CODE_SIGN_STYLE = Automatic;
				DEVELOPMENT_ASSET_PATHS = "\"Botones/Preview Content\"";
				ENABLE_PREVIEWS = YES;
				INFOPLIST_FILE = Botones/Info.plist;
				IPHONEOS_DEPLOYMENT_TARGET = 14.0;
				LD_RUNPATH_SEARCH_PATHS = (
					"$(inherited)",
					"@executable_path/Frameworks",
				);
				PRODUCT_BUNDLE_IDENTIFIER = edu.iest.Botones;
				PRODUCT_NAME = "$(TARGET_NAME)";
				SWIFT_VERSION = 5.0;
				TARGETED_DEVICE_FAMILY = "1,2";
			};
			name = Release;
		};
		8C2807542AAFE14A00D7534E /* Debug */ = {
			isa = XCBuildConfiguration;
			buildSettings = {
				ALWAYS_EMBED_SWIFT_STANDARD_LIBRARIES = YES;
				BUNDLE_LOADER = "$(TEST_HOST)";
				CODE_SIGN_STYLE = Automatic;
				INFOPLIST_FILE = BotonesTests/Info.plist;
				IPHONEOS_DEPLOYMENT_TARGET = 14.0;
				LD_RUNPATH_SEARCH_PATHS = (
					"$(inherited)",
					"@executable_path/Frameworks",
					"@loader_path/Frameworks",
				);
				PRODUCT_BUNDLE_IDENTIFIER = edu.iest.BotonesTests;
				PRODUCT_NAME = "$(TARGET_NAME)";
				SWIFT_VERSION = 5.0;
				TARGETED_DEVICE_FAMILY = "1,2";
				TEST_HOST = "$(BUILT_PRODUCTS_DIR)/Botones.app/Botones";
			};
			name = Debug;
		};
		8C2807552AAFE14A00D7534E /* Release */ = {
			isa = XCBuildConfiguration;
			buildSettings = {
				ALWAYS_EMBED_SWIFT_STANDARD_LIBRARIES = YES;
				BUNDLE_LOADER = "$(TEST_HOST)";
				CODE_SIGN_STYLE = Automatic;
				INFOPLIST_FILE = BotonesTests/Info.plist;
				IPHONEOS_DEPLOYMENT_TARGET = 14.0;
				LD_RUNPATH_SEARCH_PATHS = (
					"$(inherited)",
					"@executable_path/Frameworks",
					"@loader_path/Frameworks",
				);
				PRODUCT_BUNDLE_IDENTIFIER = edu.iest.BotonesTests;
				PRODUCT_NAME = "$(TARGET_NAME)";
				SWIFT_VERSION = 5.0;
				TARGETED_DEVICE_FAMILY = "1,2";
				TEST_HOST = "$(BUILT_PRODUCTS_DIR)/Botones.app/Botones";
			};
			name = Release;
		};
		8C2807572AAFE14A00D7534E /* Debug */ = {
			isa = XCBuildConfiguration;
			buildSettings = {
				ALWAYS_EMBED_SWIFT_STANDARD_LIBRARIES = YES;
				CODE_SIGN_STYLE = Automatic;
				INFOPLIST_FILE = BotonesUITests/Info.plist;
				LD_RUNPATH_SEARCH_PATHS = (
					"$(inherited)",
					"@executable_path/Frameworks",
					"@loader_path/Frameworks",
				);
				PRODUCT_BUNDLE_IDENTIFIER = edu.iest.BotonesUITests;
				PRODUCT_NAME = "$(TARGET_NAME)";
				SWIFT_VERSION = 5.0;
				TARGETED_DEVICE_FAMILY = "1,2";
				TEST_TARGET_NAME = Botones;
			};
			name = Debug;
		};
		8C2807582AAFE14A00D7534E /* Release */ = {
			isa = XCBuildConfiguration;
			buildSettings = {
				ALWAYS_EMBED_SWIFT_STANDARD_LIBRARIES = YES;
				CODE_SIGN_STYLE = Automatic;
				INFOPLIST_FILE = BotonesUITests/Info.plist;
				LD_RUNPATH_SEARCH_PATHS = (
					"$(inherited)",
					"@executable_path/Frameworks",
					"@loader_path/Frameworks",
				);
				PRODUCT_BUNDLE_IDENTIFIER = edu.iest.BotonesUITests;
				PRODUCT_NAME = "$(TARGET_NAME)";
				SWIFT_VERSION = 5.0;
				TARGETED_DEVICE_FAMILY = "1,2";
				TEST_TARGET_NAME = Botones;
			};
			name = Release;
		};
/* End XCBuildConfiguration section */

/* Begin XCConfigurationList section */
		8C2807262AAFE14700D7534E /* Build configuration list for PBXProject "Botones" */ = {
			isa = XCConfigurationList;
			buildConfigurations = (
				8C28074E2AAFE14A00D7534E /* Debug */,
				8C28074F2AAFE14A00D7534E /* Release */,
			);
			defaultConfigurationIsVisible = 0;
			defaultConfigurationName = Release;
		};
		8C2807502AAFE14A00D7534E /* Build configuration list for PBXNativeTarget "Botones" */ = {
			isa = XCConfigurationList;
			buildConfigurations = (
				8C2807512AAFE14A00D7534E /* Debug */,
				8C2807522AAFE14A00D7534E /* Release */,
			);
			defaultConfigurationIsVisible = 0;
			defaultConfigurationName = Release;
		};
		8C2807532AAFE14A00D7534E /* Build configuration list for PBXNativeTarget "BotonesTests" */ = {
			isa = XCConfigurationList;
			buildConfigurations = (
				8C2807542AAFE14A00D7534E /* Debug */,
				8C2807552AAFE14A00D7534E /* Release */,
			);
			defaultConfigurationIsVisible = 0;
			defaultConfigurationName = Release;
		};
		8C2807562AAFE14A00D7534E /* Build configuration list for PBXNativeTarget "BotonesUITests" */ = {
			isa = XCConfigurationList;
			buildConfigurations = (
				8C2807572AAFE14A00D7534E /* Debug */,
				8C2807582AAFE14A00D7534E /* Release */,
			);
			defaultConfigurationIsVisible = 0;
			defaultConfigurationName = Release;
		};
/* End XCConfigurationList section */
	};
	rootObject = 8C2807232AAFE14700D7534E /* Project object */;
}
