// !$*UTF8*$!
{
	archiveVersion = 1;
	classes = {
	};
	objectVersion = 50;
	objects = {

/* Begin PBXBuildFile section */
		8C48B7D72AD0D0650018A0C0 /* SnackView.swift in Sources */ = {isa = PBXBuildFile; fileRef = 8C48B7D62AD0D0650018A0C0 /* SnackView.swift */; };
		8C48B7E42AD0D0C60018A0C0 /* DulcesView.swift in Sources */ = {isa = PBXBuildFile; fileRef = 8C48B7E32AD0D0C60018A0C0 /* DulcesView.swift */; };
		8C92FF932ACE32DF001A7B07 /* Actividad_7App.swift in Sources */ = {isa = PBXBuildFile; fileRef = 8C92FF922ACE32DF001A7B07 /* Actividad_7App.swift */; };
		8C92FF952ACE32DF001A7B07 /* ContentView.swift in Sources */ = {isa = PBXBuildFile; fileRef = 8C92FF942ACE32DF001A7B07 /* ContentView.swift */; };
		8C92FF972ACE32E2001A7B07 /* Assets.xcassets in Resources */ = {isa = PBXBuildFile; fileRef = 8C92FF962ACE32E2001A7B07 /* Assets.xcassets */; };
		8C92FF9A2ACE32E2001A7B07 /* Preview Assets.xcassets in Resources */ = {isa = PBXBuildFile; fileRef = 8C92FF992ACE32E2001A7B07 /* Preview Assets.xcassets */; };
		8C92FFA52ACE32E2001A7B07 /* Actividad_7Tests.swift in Sources */ = {isa = PBXBuildFile; fileRef = 8C92FFA42ACE32E2001A7B07 /* Actividad_7Tests.swift */; };
		8C92FFB02ACE32E2001A7B07 /* Actividad_7UITests.swift in Sources */ = {isa = PBXBuildFile; fileRef = 8C92FFAF2ACE32E2001A7B07 /* Actividad_7UITests.swift */; };
		8C92FFC12ACE35E9001A7B07 /* ItemRowView.swift in Sources */ = {isa = PBXBuildFile; fileRef = 8C92FFC02ACE35E9001A7B07 /* ItemRowView.swift */; };
		8C92FFC62ACE3A34001A7B07 /* BebidasView.swift in Sources */ = {isa = PBXBuildFile; fileRef = 8C92FFC52ACE3A34001A7B07 /* BebidasView.swift */; };
		8C92FFCB2ACE3EF6001A7B07 /* AlimentosView.swift in Sources */ = {isa = PBXBuildFile; fileRef = 8C92FFCA2ACE3EF6001A7B07 /* AlimentosView.swift */; };
/* End PBXBuildFile section */

/* Begin PBXContainerItemProxy section */
		8C92FFA12ACE32E2001A7B07 /* PBXContainerItemProxy */ = {
			isa = PBXContainerItemProxy;
			containerPortal = 8C92FF872ACE32DF001A7B07 /* Project object */;
			proxyType = 1;
			remoteGlobalIDString = 8C92FF8E2ACE32DF001A7B07;
			remoteInfo = "Actividad 7";
		};
		8C92FFAC2ACE32E2001A7B07 /* PBXContainerItemProxy */ = {
			isa = PBXContainerItemProxy;
			containerPortal = 8C92FF872ACE32DF001A7B07 /* Project object */;
			proxyType = 1;
			remoteGlobalIDString = 8C92FF8E2ACE32DF001A7B07;
			remoteInfo = "Actividad 7";
		};
/* End PBXContainerItemProxy section */

/* Begin PBXFileReference section */
		8C48B7D62AD0D0650018A0C0 /* SnackView.swift */ = {isa = PBXFileReference; lastKnownFileType = sourcecode.swift; path = SnackView.swift; sourceTree = "<group>"; };
		8C48B7E32AD0D0C60018A0C0 /* DulcesView.swift */ = {isa = PBXFileReference; lastKnownFileType = sourcecode.swift; path = DulcesView.swift; sourceTree = "<group>"; };
		8C92FF8F2ACE32DF001A7B07 /* Actividad 7.app */ = {isa = PBXFileReference; explicitFileType = wrapper.application; includeInIndex = 0; path = "Actividad 7.app"; sourceTree = BUILT_PRODUCTS_DIR; };
		8C92FF922ACE32DF001A7B07 /* Actividad_7App.swift */ = {isa = PBXFileReference; lastKnownFileType = sourcecode.swift; path = Actividad_7App.swift; sourceTree = "<group>"; };
		8C92FF942ACE32DF001A7B07 /* ContentView.swift */ = {isa = PBXFileReference; lastKnownFileType = sourcecode.swift; path = ContentView.swift; sourceTree = "<group>"; };
		8C92FF962ACE32E2001A7B07 /* Assets.xcassets */ = {isa = PBXFileReference; lastKnownFileType = folder.assetcatalog; path = Assets.xcassets; sourceTree = "<group>"; };
		8C92FF992ACE32E2001A7B07 /* Preview Assets.xcassets */ = {isa = PBXFileReference; lastKnownFileType = folder.assetcatalog; path = "Preview Assets.xcassets"; sourceTree = "<group>"; };
		8C92FF9B2ACE32E2001A7B07 /* Info.plist */ = {isa = PBXFileReference; lastKnownFileType = text.plist.xml; path = Info.plist; sourceTree = "<group>"; };
		8C92FFA02ACE32E2001A7B07 /* Actividad 7Tests.xctest */ = {isa = PBXFileReference; explicitFileType = wrapper.cfbundle; includeInIndex = 0; path = "Actividad 7Tests.xctest"; sourceTree = BUILT_PRODUCTS_DIR; };
		8C92FFA42ACE32E2001A7B07 /* Actividad_7Tests.swift */ = {isa = PBXFileReference; lastKnownFileType = sourcecode.swift; path = Actividad_7Tests.swift; sourceTree = "<group>"; };
		8C92FFA62ACE32E2001A7B07 /* Info.plist */ = {isa = PBXFileReference; lastKnownFileType = text.plist.xml; path = Info.plist; sourceTree = "<group>"; };
		8C92FFAB2ACE32E2001A7B07 /* Actividad 7UITests.xctest */ = {isa = PBXFileReference; explicitFileType = wrapper.cfbundle; includeInIndex = 0; path = "Actividad 7UITests.xctest"; sourceTree = BUILT_PRODUCTS_DIR; };
		8C92FFAF2ACE32E2001A7B07 /* Actividad_7UITests.swift */ = {isa = PBXFileReference; lastKnownFileType = sourcecode.swift; path = Actividad_7UITests.swift; sourceTree = "<group>"; };
		8C92FFB12ACE32E2001A7B07 /* Info.plist */ = {isa = PBXFileReference; lastKnownFileType = text.plist.xml; path = Info.plist; sourceTree = "<group>"; };
		8C92FFC02ACE35E9001A7B07 /* ItemRowView.swift */ = {isa = PBXFileReference; lastKnownFileType = sourcecode.swift; path = ItemRowView.swift; sourceTree = "<group>"; };
		8C92FFC52ACE3A34001A7B07 /* BebidasView.swift */ = {isa = PBXFileReference; lastKnownFileType = sourcecode.swift; path = BebidasView.swift; sourceTree = "<group>"; };
		8C92FFCA2ACE3EF6001A7B07 /* AlimentosView.swift */ = {isa = PBXFileReference; lastKnownFileType = sourcecode.swift; path = AlimentosView.swift; sourceTree = "<group>"; };
/* End PBXFileReference section */

/* Begin PBXFrameworksBuildPhase section */
		8C92FF8C2ACE32DF001A7B07 /* Frameworks */ = {
			isa = PBXFrameworksBuildPhase;
			buildActionMask = 2147483647;
			files = (
			);
			runOnlyForDeploymentPostprocessing = 0;
		};
		8C92FF9D2ACE32E2001A7B07 /* Frameworks */ = {
			isa = PBXFrameworksBuildPhase;
			buildActionMask = 2147483647;
			files = (
			);
			runOnlyForDeploymentPostprocessing = 0;
		};
		8C92FFA82ACE32E2001A7B07 /* Frameworks */ = {
			isa = PBXFrameworksBuildPhase;
			buildActionMask = 2147483647;
			files = (
			);
			runOnlyForDeploymentPostprocessing = 0;
		};
/* End PBXFrameworksBuildPhase section */

/* Begin PBXGroup section */
		8C92FF862ACE32DF001A7B07 = {
			isa = PBXGroup;
			children = (
				8C92FF912ACE32DF001A7B07 /* Actividad 7 */,
				8C92FFA32ACE32E2001A7B07 /* Actividad 7Tests */,
				8C92FFAE2ACE32E2001A7B07 /* Actividad 7UITests */,
				8C92FF902ACE32DF001A7B07 /* Products */,
			);
			sourceTree = "<group>";
		};
		8C92FF902ACE32DF001A7B07 /* Products */ = {
			isa = PBXGroup;
			children = (
				8C92FF8F2ACE32DF001A7B07 /* Actividad 7.app */,
				8C92FFA02ACE32E2001A7B07 /* Actividad 7Tests.xctest */,
				8C92FFAB2ACE32E2001A7B07 /* Actividad 7UITests.xctest */,
			);
			name = Products;
			sourceTree = "<group>";
		};
		8C92FF912ACE32DF001A7B07 /* Actividad 7 */ = {
			isa = PBXGroup;
			children = (
				8C92FF922ACE32DF001A7B07 /* Actividad_7App.swift */,
				8C92FF942ACE32DF001A7B07 /* ContentView.swift */,
				8C48B7E32AD0D0C60018A0C0 /* DulcesView.swift */,
				8C48B7D62AD0D0650018A0C0 /* SnackView.swift */,
				8C92FFCA2ACE3EF6001A7B07 /* AlimentosView.swift */,
				8C92FFC02ACE35E9001A7B07 /* ItemRowView.swift */,
				8C92FFC52ACE3A34001A7B07 /* BebidasView.swift */,
				8C92FF962ACE32E2001A7B07 /* Assets.xcassets */,
				8C92FF9B2ACE32E2001A7B07 /* Info.plist */,
				8C92FF982ACE32E2001A7B07 /* Preview Content */,
			);
			path = "Actividad 7";
			sourceTree = "<group>";
		};
		8C92FF982ACE32E2001A7B07 /* Preview Content */ = {
			isa = PBXGroup;
			children = (
				8C92FF992ACE32E2001A7B07 /* Preview Assets.xcassets */,
			);
			path = "Preview Content";
			sourceTree = "<group>";
		};
		8C92FFA32ACE32E2001A7B07 /* Actividad 7Tests */ = {
			isa = PBXGroup;
			children = (
				8C92FFA42ACE32E2001A7B07 /* Actividad_7Tests.swift */,
				8C92FFA62ACE32E2001A7B07 /* Info.plist */,
			);
			path = "Actividad 7Tests";
			sourceTree = "<group>";
		};
		8C92FFAE2ACE32E2001A7B07 /* Actividad 7UITests */ = {
			isa = PBXGroup;
			children = (
				8C92FFAF2ACE32E2001A7B07 /* Actividad_7UITests.swift */,
				8C92FFB12ACE32E2001A7B07 /* Info.plist */,
			);
			path = "Actividad 7UITests";
			sourceTree = "<group>";
		};
/* End PBXGroup section */

/* Begin PBXNativeTarget section */
		8C92FF8E2ACE32DF001A7B07 /* Actividad 7 */ = {
			isa = PBXNativeTarget;
			buildConfigurationList = 8C92FFB42ACE32E2001A7B07 /* Build configuration list for PBXNativeTarget "Actividad 7" */;
			buildPhases = (
				8C92FF8B2ACE32DF001A7B07 /* Sources */,
				8C92FF8C2ACE32DF001A7B07 /* Frameworks */,
				8C92FF8D2ACE32DF001A7B07 /* Resources */,
			);
			buildRules = (
			);
			dependencies = (
			);
			name = "Actividad 7";
			productName = "Actividad 7";
			productReference = 8C92FF8F2ACE32DF001A7B07 /* Actividad 7.app */;
			productType = "com.apple.product-type.application";
		};
		8C92FF9F2ACE32E2001A7B07 /* Actividad 7Tests */ = {
			isa = PBXNativeTarget;
			buildConfigurationList = 8C92FFB72ACE32E2001A7B07 /* Build configuration list for PBXNativeTarget "Actividad 7Tests" */;
			buildPhases = (
				8C92FF9C2ACE32E2001A7B07 /* Sources */,
				8C92FF9D2ACE32E2001A7B07 /* Frameworks */,
				8C92FF9E2ACE32E2001A7B07 /* Resources */,
			);
			buildRules = (
			);
			dependencies = (
				8C92FFA22ACE32E2001A7B07 /* PBXTargetDependency */,
			);
			name = "Actividad 7Tests";
			productName = "Actividad 7Tests";
			productReference = 8C92FFA02ACE32E2001A7B07 /* Actividad 7Tests.xctest */;
			productType = "com.apple.product-type.bundle.unit-test";
		};
		8C92FFAA2ACE32E2001A7B07 /* Actividad 7UITests */ = {
			isa = PBXNativeTarget;
			buildConfigurationList = 8C92FFBA2ACE32E2001A7B07 /* Build configuration list for PBXNativeTarget "Actividad 7UITests" */;
			buildPhases = (
				8C92FFA72ACE32E2001A7B07 /* Sources */,
				8C92FFA82ACE32E2001A7B07 /* Frameworks */,
				8C92FFA92ACE32E2001A7B07 /* Resources */,
			);
			buildRules = (
			);
			dependencies = (
				8C92FFAD2ACE32E2001A7B07 /* PBXTargetDependency */,
			);
			name = "Actividad 7UITests";
			productName = "Actividad 7UITests";
			productReference = 8C92FFAB2ACE32E2001A7B07 /* Actividad 7UITests.xctest */;
			productType = "com.apple.product-type.bundle.ui-testing";
		};
/* End PBXNativeTarget section */

/* Begin PBXProject section */
		8C92FF872ACE32DF001A7B07 /* Project object */ = {
			isa = PBXProject;
			attributes = {
				LastSwiftUpdateCheck = 1240;
				LastUpgradeCheck = 1240;
				TargetAttributes = {
					8C92FF8E2ACE32DF001A7B07 = {
						CreatedOnToolsVersion = 12.4;
					};
					8C92FF9F2ACE32E2001A7B07 = {
						CreatedOnToolsVersion = 12.4;
						TestTargetID = 8C92FF8E2ACE32DF001A7B07;
					};
					8C92FFAA2ACE32E2001A7B07 = {
						CreatedOnToolsVersion = 12.4;
						TestTargetID = 8C92FF8E2ACE32DF001A7B07;
					};
				};
			};
			buildConfigurationList = 8C92FF8A2ACE32DF001A7B07 /* Build configuration list for PBXProject "Actividad 7" */;
			compatibilityVersion = "Xcode 9.3";
			developmentRegion = en;
			hasScannedForEncodings = 0;
			knownRegions = (
				en,
				Base,
			);
			mainGroup = 8C92FF862ACE32DF001A7B07;
			productRefGroup = 8C92FF902ACE32DF001A7B07 /* Products */;
			projectDirPath = "";
			projectRoot = "";
			targets = (
				8C92FF8E2ACE32DF001A7B07 /* Actividad 7 */,
				8C92FF9F2ACE32E2001A7B07 /* Actividad 7Tests */,
				8C92FFAA2ACE32E2001A7B07 /* Actividad 7UITests */,
			);
		};
/* End PBXProject section */

/* Begin PBXResourcesBuildPhase section */
		8C92FF8D2ACE32DF001A7B07 /* Resources */ = {
			isa = PBXResourcesBuildPhase;
			buildActionMask = 2147483647;
			files = (
				8C92FF9A2ACE32E2001A7B07 /* Preview Assets.xcassets in Resources */,
				8C92FF972ACE32E2001A7B07 /* Assets.xcassets in Resources */,
			);
			runOnlyForDeploymentPostprocessing = 0;
		};
		8C92FF9E2ACE32E2001A7B07 /* Resources */ = {
			isa = PBXResourcesBuildPhase;
			buildActionMask = 2147483647;
			files = (
			);
			runOnlyForDeploymentPostprocessing = 0;
		};
		8C92FFA92ACE32E2001A7B07 /* Resources */ = {
			isa = PBXResourcesBuildPhase;
			buildActionMask = 2147483647;
			files = (
			);
			runOnlyForDeploymentPostprocessing = 0;
		};
/* End PBXResourcesBuildPhase section */

/* Begin PBXSourcesBuildPhase section */
		8C92FF8B2ACE32DF001A7B07 /* Sources */ = {
			isa = PBXSourcesBuildPhase;
			buildActionMask = 2147483647;
			files = (
				8C92FF952ACE32DF001A7B07 /* ContentView.swift in Sources */,
				8C92FFCB2ACE3EF6001A7B07 /* AlimentosView.swift in Sources */,
				8C92FFC62ACE3A34001A7B07 /* BebidasView.swift in Sources */,
				8C92FF932ACE32DF001A7B07 /* Actividad_7App.swift in Sources */,
				8C92FFC12ACE35E9001A7B07 /* ItemRowView.swift in Sources */,
				8C48B7D72AD0D0650018A0C0 /* SnackView.swift in Sources */,
				8C48B7E42AD0D0C60018A0C0 /* DulcesView.swift in Sources */,
			);
			runOnlyForDeploymentPostprocessing = 0;
		};
		8C92FF9C2ACE32E2001A7B07 /* Sources */ = {
			isa = PBXSourcesBuildPhase;
			buildActionMask = 2147483647;
			files = (
				8C92FFA52ACE32E2001A7B07 /* Actividad_7Tests.swift in Sources */,
			);
			runOnlyForDeploymentPostprocessing = 0;
		};
		8C92FFA72ACE32E2001A7B07 /* Sources */ = {
			isa = PBXSourcesBuildPhase;
			buildActionMask = 2147483647;
			files = (
				8C92FFB02ACE32E2001A7B07 /* Actividad_7UITests.swift in Sources */,
			);
			runOnlyForDeploymentPostprocessing = 0;
		};
/* End PBXSourcesBuildPhase section */

/* Begin PBXTargetDependency section */
		8C92FFA22ACE32E2001A7B07 /* PBXTargetDependency */ = {
			isa = PBXTargetDependency;
			target = 8C92FF8E2ACE32DF001A7B07 /* Actividad 7 */;
			targetProxy = 8C92FFA12ACE32E2001A7B07 /* PBXContainerItemProxy */;
		};
		8C92FFAD2ACE32E2001A7B07 /* PBXTargetDependency */ = {
			isa = PBXTargetDependency;
			target = 8C92FF8E2ACE32DF001A7B07 /* Actividad 7 */;
			targetProxy = 8C92FFAC2ACE32E2001A7B07 /* PBXContainerItemProxy */;
		};
/* End PBXTargetDependency section */

/* Begin XCBuildConfiguration section */
		8C92FFB22ACE32E2001A7B07 /* Debug */ = {
			isa = XCBuildConfiguration;
			buildSettings = {
				ALWAYS_SEARCH_USER_PATHS = NO;
				CLANG_ANALYZER_NONNULL = YES;
				CLANG_ANALYZER_NUMBER_OBJECT_CONVERSION = YES_AGGRESSIVE;
				CLANG_CXX_LANGUAGE_STANDARD = "gnu++14";
				CLANG_CXX_LIBRARY = "libc++";
				CLANG_ENABLE_MODULES = YES;
				CLANG_ENABLE_OBJC_ARC = YES;
				CLANG_ENABLE_OBJC_WEAK = YES;
				CLANG_WARN_BLOCK_CAPTURE_AUTORELEASING = YES;
				CLANG_WARN_BOOL_CONVERSION = YES;
				CLANG_WARN_COMMA = YES;
				CLANG_WARN_CONSTANT_CONVERSION = YES;
				CLANG_WARN_DEPRECATED_OBJC_IMPLEMENTATIONS = YES;
				CLANG_WARN_DIRECT_OBJC_ISA_USAGE = YES_ERROR;
				CLANG_WARN_DOCUMENTATION_COMMENTS = YES;
				CLANG_WARN_EMPTY_BODY = YES;
				CLANG_WARN_ENUM_CONVERSION = YES;
				CLANG_WARN_INFINITE_RECURSION = YES;
				CLANG_WARN_INT_CONVERSION = YES;
				CLANG_WARN_NON_LITERAL_NULL_CONVERSION = YES;
				CLANG_WARN_OBJC_IMPLICIT_RETAIN_SELF = YES;
				CLANG_WARN_OBJC_LITERAL_CONVERSION = YES;
				CLANG_WARN_OBJC_ROOT_CLASS = YES_ERROR;
				CLANG_WARN_QUOTED_INCLUDE_IN_FRAMEWORK_HEADER = YES;
				CLANG_WARN_RANGE_LOOP_ANALYSIS = YES;
				CLANG_WARN_STRICT_PROTOTYPES = YES;
				CLANG_WARN_SUSPICIOUS_MOVE = YES;
				CLANG_WARN_UNGUARDED_AVAILABILITY = YES_AGGRESSIVE;
				CLANG_WARN_UNREACHABLE_CODE = YES;
				CLANG_WARN__DUPLICATE_METHOD_MATCH = YES;
				COPY_PHASE_STRIP = NO;
				DEBUG_INFORMATION_FORMAT = dwarf;
				ENABLE_STRICT_OBJC_MSGSEND = YES;
				ENABLE_TESTABILITY = YES;
				GCC_C_LANGUAGE_STANDARD = gnu11;
				GCC_DYNAMIC_NO_PIC = NO;
				GCC_NO_COMMON_BLOCKS = YES;
				GCC_OPTIMIZATION_LEVEL = 0;
				GCC_PREPROCESSOR_DEFINITIONS = (
					"DEBUG=1",
					"$(inherited)",
				);
				GCC_WARN_64_TO_32_BIT_CONVERSION = YES;
				GCC_WARN_ABOUT_RETURN_TYPE = YES_ERROR;
				GCC_WARN_UNDECLARED_SELECTOR = YES;
				GCC_WARN_UNINITIALIZED_AUTOS = YES_AGGRESSIVE;
				GCC_WARN_UNUSED_FUNCTION = YES;
				GCC_WARN_UNUSED_VARIABLE = YES;
				IPHONEOS_DEPLOYMENT_TARGET = 14.4;
				MTL_ENABLE_DEBUG_INFO = INCLUDE_SOURCE;
				MTL_FAST_MATH = YES;
				ONLY_ACTIVE_ARCH = YES;
				SDKROOT = iphoneos;
				SWIFT_ACTIVE_COMPILATION_CONDITIONS = DEBUG;
				SWIFT_OPTIMIZATION_LEVEL = "-Onone";
			};
			name = Debug;
		};
		8C92FFB32ACE32E2001A7B07 /* Release */ = {
			isa = XCBuildConfiguration;
			buildSettings = {
				ALWAYS_SEARCH_USER_PATHS = NO;
				CLANG_ANALYZER_NONNULL = YES;
				CLANG_ANALYZER_NUMBER_OBJECT_CONVERSION = YES_AGGRESSIVE;
				CLANG_CXX_LANGUAGE_STANDARD = "gnu++14";
				CLANG_CXX_LIBRARY = "libc++";
				CLANG_ENABLE_MODULES = YES;
				CLANG_ENABLE_OBJC_ARC = YES;
				CLANG_ENABLE_OBJC_WEAK = YES;
				CLANG_WARN_BLOCK_CAPTURE_AUTORELEASING = YES;
				CLANG_WARN_BOOL_CONVERSION = YES;
				CLANG_WARN_COMMA = YES;
				CLANG_WARN_CONSTANT_CONVERSION = YES;
				CLANG_WARN_DEPRECATED_OBJC_IMPLEMENTATIONS = YES;
				CLANG_WARN_DIRECT_OBJC_ISA_USAGE = YES_ERROR;
				CLANG_WARN_DOCUMENTATION_COMMENTS = YES;
				CLANG_WARN_EMPTY_BODY = YES;
				CLANG_WARN_ENUM_CONVERSION = YES;
				CLANG_WARN_INFINITE_RECURSION = YES;
				CLANG_WARN_INT_CONVERSION = YES;
				CLANG_WARN_NON_LITERAL_NULL_CONVERSION = YES;
				CLANG_WARN_OBJC_IMPLICIT_RETAIN_SELF = YES;
				CLANG_WARN_OBJC_LITERAL_CONVERSION = YES;
				CLANG_WARN_OBJC_ROOT_CLASS = YES_ERROR;
				CLANG_WARN_QUOTED_INCLUDE_IN_FRAMEWORK_HEADER = YES;
				CLANG_WARN_RANGE_LOOP_ANALYSIS = YES;
				CLANG_WARN_STRICT_PROTOTYPES = YES;
				CLANG_WARN_SUSPICIOUS_MOVE = YES;
				CLANG_WARN_UNGUARDED_AVAILABILITY = YES_AGGRESSIVE;
				CLANG_WARN_UNREACHABLE_CODE = YES;
				CLANG_WARN__DUPLICATE_METHOD_MATCH = YES;
				COPY_PHASE_STRIP = NO;
				DEBUG_INFORMATION_FORMAT = "dwarf-with-dsym";
				ENABLE_NS_ASSERTIONS = NO;
				ENABLE_STRICT_OBJC_MSGSEND = YES;
				GCC_C_LANGUAGE_STANDARD = gnu11;
				GCC_NO_COMMON_BLOCKS = YES;
				GCC_WARN_64_TO_32_BIT_CONVERSION = YES;
				GCC_WARN_ABOUT_RETURN_TYPE = YES_ERROR;
				GCC_WARN_UNDECLARED_SELECTOR = YES;
				GCC_WARN_UNINITIALIZED_AUTOS = YES_AGGRESSIVE;
				GCC_WARN_UNUSED_FUNCTION = YES;
				GCC_WARN_UNUSED_VARIABLE = YES;
				IPHONEOS_DEPLOYMENT_TARGET = 14.4;
				MTL_ENABLE_DEBUG_INFO = NO;
				MTL_FAST_MATH = YES;
				SDKROOT = iphoneos;
				SWIFT_COMPILATION_MODE = wholemodule;
				SWIFT_OPTIMIZATION_LEVEL = "-O";
				VALIDATE_PRODUCT = YES;
			};
			name = Release;
		};
		8C92FFB52ACE32E2001A7B07 /* Debug */ = {
			isa = XCBuildConfiguration;
			buildSettings = {
				ASSETCATALOG_COMPILER_APPICON_NAME = AppIcon;
				ASSETCATALOG_COMPILER_GLOBAL_ACCENT_COLOR_NAME = AccentColor;
				CODE_SIGN_STYLE = Automatic;
				DEVELOPMENT_ASSET_PATHS = "\"Actividad 7/Preview Content\"";
				ENABLE_PREVIEWS = YES;
				INFOPLIST_FILE = "Actividad 7/Info.plist";
				IPHONEOS_DEPLOYMENT_TARGET = 14.0;
				LD_RUNPATH_SEARCH_PATHS = (
					"$(inherited)",
					"@executable_path/Frameworks",
				);
				PRODUCT_BUNDLE_IDENTIFIER = "edu.iest.Actividad-7";
				PRODUCT_NAME = "$(TARGET_NAME)";
				SWIFT_VERSION = 5.0;
				TARGETED_DEVICE_FAMILY = "1,2";
			};
			name = Debug;
		};
		8C92FFB62ACE32E2001A7B07 /* Release */ = {
			isa = XCBuildConfiguration;
			buildSettings = {
				ASSETCATALOG_COMPILER_APPICON_NAME = AppIcon;
				ASSETCATALOG_COMPILER_GLOBAL_ACCENT_COLOR_NAME = AccentColor;
				CODE_SIGN_STYLE = Automatic;
				DEVELOPMENT_ASSET_PATHS = "\"Actividad 7/Preview Content\"";
				ENABLE_PREVIEWS = YES;
				INFOPLIST_FILE = "Actividad 7/Info.plist";
				IPHONEOS_DEPLOYMENT_TARGET = 14.0;
				LD_RUNPATH_SEARCH_PATHS = (
					"$(inherited)",
					"@executable_path/Frameworks",
				);
				PRODUCT_BUNDLE_IDENTIFIER = "edu.iest.Actividad-7";
				PRODUCT_NAME = "$(TARGET_NAME)";
				SWIFT_VERSION = 5.0;
				TARGETED_DEVICE_FAMILY = "1,2";
			};
			name = Release;
		};
		8C92FFB82ACE32E2001A7B07 /* Debug */ = {
			isa = XCBuildConfiguration;
			buildSettings = {
				ALWAYS_EMBED_SWIFT_STANDARD_LIBRARIES = YES;
				BUNDLE_LOADER = "$(TEST_HOST)";
				CODE_SIGN_STYLE = Automatic;
				INFOPLIST_FILE = "Actividad 7Tests/Info.plist";
				IPHONEOS_DEPLOYMENT_TARGET = 14.0;
				LD_RUNPATH_SEARCH_PATHS = (
					"$(inherited)",
					"@executable_path/Frameworks",
					"@loader_path/Frameworks",
				);
				PRODUCT_BUNDLE_IDENTIFIER = "edu.iest.Actividad-7Tests";
				PRODUCT_NAME = "$(TARGET_NAME)";
				SWIFT_VERSION = 5.0;
				TARGETED_DEVICE_FAMILY = "1,2";
				TEST_HOST = "$(BUILT_PRODUCTS_DIR)/Actividad 7.app/Actividad 7";
			};
			name = Debug;
		};
		8C92FFB92ACE32E2001A7B07 /* Release */ = {
			isa = XCBuildConfiguration;
			buildSettings = {
				ALWAYS_EMBED_SWIFT_STANDARD_LIBRARIES = YES;
				BUNDLE_LOADER = "$(TEST_HOST)";
				CODE_SIGN_STYLE = Automatic;
				INFOPLIST_FILE = "Actividad 7Tests/Info.plist";
				IPHONEOS_DEPLOYMENT_TARGET = 14.0;
				LD_RUNPATH_SEARCH_PATHS = (
					"$(inherited)",
					"@executable_path/Frameworks",
					"@loader_path/Frameworks",
				);
				PRODUCT_BUNDLE_IDENTIFIER = "edu.iest.Actividad-7Tests";
				PRODUCT_NAME = "$(TARGET_NAME)";
				SWIFT_VERSION = 5.0;
				TARGETED_DEVICE_FAMILY = "1,2";
				TEST_HOST = "$(BUILT_PRODUCTS_DIR)/Actividad 7.app/Actividad 7";
			};
			name = Release;
		};
		8C92FFBB2ACE32E2001A7B07 /* Debug */ = {
			isa = XCBuildConfiguration;
			buildSettings = {
				ALWAYS_EMBED_SWIFT_STANDARD_LIBRARIES = YES;
				CODE_SIGN_STYLE = Automatic;
				INFOPLIST_FILE = "Actividad 7UITests/Info.plist";
				LD_RUNPATH_SEARCH_PATHS = (
					"$(inherited)",
					"@executable_path/Frameworks",
					"@loader_path/Frameworks",
				);
				PRODUCT_BUNDLE_IDENTIFIER = "edu.iest.Actividad-7UITests";
				PRODUCT_NAME = "$(TARGET_NAME)";
				SWIFT_VERSION = 5.0;
				TARGETED_DEVICE_FAMILY = "1,2";
				TEST_TARGET_NAME = "Actividad 7";
			};
			name = Debug;
		};
		8C92FFBC2ACE32E2001A7B07 /* Release */ = {
			isa = XCBuildConfiguration;
			buildSettings = {
				ALWAYS_EMBED_SWIFT_STANDARD_LIBRARIES = YES;
				CODE_SIGN_STYLE = Automatic;
				INFOPLIST_FILE = "Actividad 7UITests/Info.plist";
				LD_RUNPATH_SEARCH_PATHS = (
					"$(inherited)",
					"@executable_path/Frameworks",
					"@loader_path/Frameworks",
				);
				PRODUCT_BUNDLE_IDENTIFIER = "edu.iest.Actividad-7UITests";
				PRODUCT_NAME = "$(TARGET_NAME)";
				SWIFT_VERSION = 5.0;
				TARGETED_DEVICE_FAMILY = "1,2";
				TEST_TARGET_NAME = "Actividad 7";
			};
			name = Release;
		};
/* End XCBuildConfiguration section */

/* Begin XCConfigurationList section */
		8C92FF8A2ACE32DF001A7B07 /* Build configuration list for PBXProject "Actividad 7" */ = {
			isa = XCConfigurationList;
			buildConfigurations = (
				8C92FFB22ACE32E2001A7B07 /* Debug */,
				8C92FFB32ACE32E2001A7B07 /* Release */,
			);
			defaultConfigurationIsVisible = 0;
			defaultConfigurationName = Release;
		};
		8C92FFB42ACE32E2001A7B07 /* Build configuration list for PBXNativeTarget "Actividad 7" */ = {
			isa = XCConfigurationList;
			buildConfigurations = (
				8C92FFB52ACE32E2001A7B07 /* Debug */,
				8C92FFB62ACE32E2001A7B07 /* Release */,
			);
			defaultConfigurationIsVisible = 0;
			defaultConfigurationName = Release;
		};
		8C92FFB72ACE32E2001A7B07 /* Build configuration list for PBXNativeTarget "Actividad 7Tests" */ = {
			isa = XCConfigurationList;
			buildConfigurations = (
				8C92FFB82ACE32E2001A7B07 /* Debug */,
				8C92FFB92ACE32E2001A7B07 /* Release */,
			);
			defaultConfigurationIsVisible = 0;
			defaultConfigurationName = Release;
		};
		8C92FFBA2ACE32E2001A7B07 /* Build configuration list for PBXNativeTarget "Actividad 7UITests" */ = {
			isa = XCConfigurationList;
			buildConfigurations = (
				8C92FFBB2ACE32E2001A7B07 /* Debug */,
				8C92FFBC2ACE32E2001A7B07 /* Release */,
			);
			defaultConfigurationIsVisible = 0;
			defaultConfigurationName = Release;
		};
/* End XCConfigurationList section */
	};
	rootObject = 8C92FF872ACE32DF001A7B07 /* Project object */;
}
