// !$*UTF8*$!
{
	archiveVersion = 1;
	classes = {
	};
	objectVersion = 50;
	objects = {

/* Begin PBXBuildFile section */
		8CBE08E92AF9B0E100111722 /* PreferenciasApp.swift in Sources */ = {isa = PBXBuildFile; fileRef = 8CBE08E82AF9B0E100111722 /* PreferenciasApp.swift */; };
		8CBE08EB2AF9B0E100111722 /* ContentView.swift in Sources */ = {isa = PBXBuildFile; fileRef = 8CBE08EA2AF9B0E100111722 /* ContentView.swift */; };
		8CBE08ED2AF9B0E200111722 /* Assets.xcassets in Resources */ = {isa = PBXBuildFile; fileRef = 8CBE08EC2AF9B0E200111722 /* Assets.xcassets */; };
		8CBE08F02AF9B0E200111722 /* Preview Assets.xcassets in Resources */ = {isa = PBXBuildFile; fileRef = 8CBE08EF2AF9B0E200111722 /* Preview Assets.xcassets */; };
		8CBE08F92AF9B3C900111722 /* WelcomeView.swift in Sources */ = {isa = PBXBuildFile; fileRef = 8CBE08F82AF9B3C900111722 /* WelcomeView.swift */; };
		8CBE08FE2AF9B81200111722 /* TimerView.swift in Sources */ = {isa = PBXBuildFile; fileRef = 8CBE08FD2AF9B81200111722 /* TimerView.swift */; };
		8CBE09012AF9B9F600111722 /* myTimer.swift in Sources */ = {isa = PBXBuildFile; fileRef = 8CBE09002AF9B9F600111722 /* myTimer.swift */; };
/* End PBXBuildFile section */

/* Begin PBXFileReference section */
		8CBE08E52AF9B0E100111722 /* Preferencias.app */ = {isa = PBXFileReference; explicitFileType = wrapper.application; includeInIndex = 0; path = Preferencias.app; sourceTree = BUILT_PRODUCTS_DIR; };
		8CBE08E82AF9B0E100111722 /* PreferenciasApp.swift */ = {isa = PBXFileReference; lastKnownFileType = sourcecode.swift; path = PreferenciasApp.swift; sourceTree = "<group>"; };
		8CBE08EA2AF9B0E100111722 /* ContentView.swift */ = {isa = PBXFileReference; lastKnownFileType = sourcecode.swift; path = ContentView.swift; sourceTree = "<group>"; };
		8CBE08EC2AF9B0E200111722 /* Assets.xcassets */ = {isa = PBXFileReference; lastKnownFileType = folder.assetcatalog; path = Assets.xcassets; sourceTree = "<group>"; };
		8CBE08EF2AF9B0E200111722 /* Preview Assets.xcassets */ = {isa = PBXFileReference; lastKnownFileType = folder.assetcatalog; path = "Preview Assets.xcassets"; sourceTree = "<group>"; };
		8CBE08F12AF9B0E200111722 /* Info.plist */ = {isa = PBXFileReference; lastKnownFileType = text.plist.xml; path = Info.plist; sourceTree = "<group>"; };
		8CBE08F82AF9B3C900111722 /* WelcomeView.swift */ = {isa = PBXFileReference; lastKnownFileType = sourcecode.swift; path = WelcomeView.swift; sourceTree = "<group>"; };
		8CBE08FD2AF9B81200111722 /* TimerView.swift */ = {isa = PBXFileReference; lastKnownFileType = sourcecode.swift; path = TimerView.swift; sourceTree = "<group>"; };
		8CBE09002AF9B9F600111722 /* myTimer.swift */ = {isa = PBXFileReference; lastKnownFileType = sourcecode.swift; path = myTimer.swift; sourceTree = "<group>"; };
/* End PBXFileReference section */

/* Begin PBXFrameworksBuildPhase section */
		8CBE08E22AF9B0E100111722 /* Frameworks */ = {
			isa = PBXFrameworksBuildPhase;
			buildActionMask = 2147483647;
			files = (
			);
			runOnlyForDeploymentPostprocessing = 0;
		};
/* End PBXFrameworksBuildPhase section */

/* Begin PBXGroup section */
		8CBE08DC2AF9B0E100111722 = {
			isa = PBXGroup;
			children = (
				8CBE08FB2AF9B7DA00111722 /* Vistas */,
				8CBE08E72AF9B0E100111722 /* Preferencias */,
				8CBE08E62AF9B0E100111722 /* Products */,
			);
			sourceTree = "<group>";
		};
		8CBE08E62AF9B0E100111722 /* Products */ = {
			isa = PBXGroup;
			children = (
				8CBE08E52AF9B0E100111722 /* Preferencias.app */,
			);
			name = Products;
			sourceTree = "<group>";
		};
		8CBE08E72AF9B0E100111722 /* Preferencias */ = {
			isa = PBXGroup;
			children = (
				8CBE08E82AF9B0E100111722 /* PreferenciasApp.swift */,
				8CBE08EA2AF9B0E100111722 /* ContentView.swift */,
				8CBE08EC2AF9B0E200111722 /* Assets.xcassets */,
				8CBE08F12AF9B0E200111722 /* Info.plist */,
				8CBE08EE2AF9B0E200111722 /* Preview Content */,
				8CBE09002AF9B9F600111722 /* myTimer.swift */,
			);
			path = Preferencias;
			sourceTree = "<group>";
		};
		8CBE08EE2AF9B0E200111722 /* Preview Content */ = {
			isa = PBXGroup;
			children = (
				8CBE08EF2AF9B0E200111722 /* Preview Assets.xcassets */,
			);
			path = "Preview Content";
			sourceTree = "<group>";
		};
		8CBE08FB2AF9B7DA00111722 /* Vistas */ = {
			isa = PBXGroup;
			children = (
				8CBE08F82AF9B3C900111722 /* WelcomeView.swift */,
				8CBE08FD2AF9B81200111722 /* TimerView.swift */,
			);
			path = Vistas;
			sourceTree = "<group>";
		};
/* End PBXGroup section */

/* Begin PBXNativeTarget section */
		8CBE08E42AF9B0E100111722 /* Preferencias */ = {
			isa = PBXNativeTarget;
			buildConfigurationList = 8CBE08F42AF9B0E200111722 /* Build configuration list for PBXNativeTarget "Preferencias" */;
			buildPhases = (
				8CBE08E12AF9B0E100111722 /* Sources */,
				8CBE08E22AF9B0E100111722 /* Frameworks */,
				8CBE08E32AF9B0E100111722 /* Resources */,
			);
			buildRules = (
			);
			dependencies = (
			);
			name = Preferencias;
			productName = Preferencias;
			productReference = 8CBE08E52AF9B0E100111722 /* Preferencias.app */;
			productType = "com.apple.product-type.application";
		};
/* End PBXNativeTarget section */

/* Begin PBXProject section */
		8CBE08DD2AF9B0E100111722 /* Project object */ = {
			isa = PBXProject;
			attributes = {
				LastSwiftUpdateCheck = 1240;
				LastUpgradeCheck = 1240;
				TargetAttributes = {
					8CBE08E42AF9B0E100111722 = {
						CreatedOnToolsVersion = 12.4;
					};
				};
			};
			buildConfigurationList = 8CBE08E02AF9B0E100111722 /* Build configuration list for PBXProject "Preferencias" */;
			compatibilityVersion = "Xcode 9.3";
			developmentRegion = en;
			hasScannedForEncodings = 0;
			knownRegions = (
				en,
				Base,
			);
			mainGroup = 8CBE08DC2AF9B0E100111722;
			productRefGroup = 8CBE08E62AF9B0E100111722 /* Products */;
			projectDirPath = "";
			projectRoot = "";
			targets = (
				8CBE08E42AF9B0E100111722 /* Preferencias */,
			);
		};
/* End PBXProject section */

/* Begin PBXResourcesBuildPhase section */
		8CBE08E32AF9B0E100111722 /* Resources */ = {
			isa = PBXResourcesBuildPhase;
			buildActionMask = 2147483647;
			files = (
				8CBE08F02AF9B0E200111722 /* Preview Assets.xcassets in Resources */,
				8CBE08ED2AF9B0E200111722 /* Assets.xcassets in Resources */,
			);
			runOnlyForDeploymentPostprocessing = 0;
		};
/* End PBXResourcesBuildPhase section */

/* Begin PBXSourcesBuildPhase section */
		8CBE08E12AF9B0E100111722 /* Sources */ = {
			isa = PBXSourcesBuildPhase;
			buildActionMask = 2147483647;
			files = (
				8CBE09012AF9B9F600111722 /* myTimer.swift in Sources */,
				8CBE08EB2AF9B0E100111722 /* ContentView.swift in Sources */,
				8CBE08F92AF9B3C900111722 /* WelcomeView.swift in Sources */,
				8CBE08FE2AF9B81200111722 /* TimerView.swift in Sources */,
				8CBE08E92AF9B0E100111722 /* PreferenciasApp.swift in Sources */,
			);
			runOnlyForDeploymentPostprocessing = 0;
		};
/* End PBXSourcesBuildPhase section */

/* Begin XCBuildConfiguration section */
		8CBE08F22AF9B0E200111722 /* Debug */ = {
			isa = XCBuildConfiguration;
			buildSettings = {
				ALWAYS_SEARCH_USER_PATHS = NO;
				CLANG_ANALYZER_NONNULL = YES;
				CLANG_ANALYZER_NUMBER_OBJECT_CONVERSION = YES_AGGRESSIVE;
				CLANG_CXX_LANGUAGE_STANDARD = "gnu++14";
				CLANG_CXX_LIBRARY = "libc++";
				CLANG_ENABLE_MODULES = YES;
				CLANG_ENABLE_OBJC_ARC = YES;
				CLANG_ENABLE_OBJC_WEAK = YES;
				CLANG_WARN_BLOCK_CAPTURE_AUTORELEASING = YES;
				CLANG_WARN_BOOL_CONVERSION = YES;
				CLANG_WARN_COMMA = YES;
				CLANG_WARN_CONSTANT_CONVERSION = YES;
				CLANG_WARN_DEPRECATED_OBJC_IMPLEMENTATIONS = YES;
				CLANG_WARN_DIRECT_OBJC_ISA_USAGE = YES_ERROR;
				CLANG_WARN_DOCUMENTATION_COMMENTS = YES;
				CLANG_WARN_EMPTY_BODY = YES;
				CLANG_WARN_ENUM_CONVERSION = YES;
				CLANG_WARN_INFINITE_RECURSION = YES;
				CLANG_WARN_INT_CONVERSION = YES;
				CLANG_WARN_NON_LITERAL_NULL_CONVERSION = YES;
				CLANG_WARN_OBJC_IMPLICIT_RETAIN_SELF = YES;
				CLANG_WARN_OBJC_LITERAL_CONVERSION = YES;
				CLANG_WARN_OBJC_ROOT_CLASS = YES_ERROR;
				CLANG_WARN_QUOTED_INCLUDE_IN_FRAMEWORK_HEADER = YES;
				CLANG_WARN_RANGE_LOOP_ANALYSIS = YES;
				CLANG_WARN_STRICT_PROTOTYPES = YES;
				CLANG_WARN_SUSPICIOUS_MOVE = YES;
				CLANG_WARN_UNGUARDED_AVAILABILITY = YES_AGGRESSIVE;
				CLANG_WARN_UNREACHABLE_CODE = YES;
				CLANG_WARN__DUPLICATE_METHOD_MATCH = YES;
				COPY_PHASE_STRIP = NO;
				DEBUG_INFORMATION_FORMAT = dwarf;
				ENABLE_STRICT_OBJC_MSGSEND = YES;
				ENABLE_TESTABILITY = YES;
				GCC_C_LANGUAGE_STANDARD = gnu11;
				GCC_DYNAMIC_NO_PIC = NO;
				GCC_NO_COMMON_BLOCKS = YES;
				GCC_OPTIMIZATION_LEVEL = 0;
				GCC_PREPROCESSOR_DEFINITIONS = (
					"DEBUG=1",
					"$(inherited)",
				);
				GCC_WARN_64_TO_32_BIT_CONVERSION = YES;
				GCC_WARN_ABOUT_RETURN_TYPE = YES_ERROR;
				GCC_WARN_UNDECLARED_SELECTOR = YES;
				GCC_WARN_UNINITIALIZED_AUTOS = YES_AGGRESSIVE;
				GCC_WARN_UNUSED_FUNCTION = YES;
				GCC_WARN_UNUSED_VARIABLE = YES;
				IPHONEOS_DEPLOYMENT_TARGET = 14.4;
				MTL_ENABLE_DEBUG_INFO = INCLUDE_SOURCE;
				MTL_FAST_MATH = YES;
				ONLY_ACTIVE_ARCH = YES;
				SDKROOT = iphoneos;
				SWIFT_ACTIVE_COMPILATION_CONDITIONS = DEBUG;
				SWIFT_OPTIMIZATION_LEVEL = "-Onone";
			};
			name = Debug;
		};
		8CBE08F32AF9B0E200111722 /* Release */ = {
			isa = XCBuildConfiguration;
			buildSettings = {
				ALWAYS_SEARCH_USER_PATHS = NO;
				CLANG_ANALYZER_NONNULL = YES;
				CLANG_ANALYZER_NUMBER_OBJECT_CONVERSION = YES_AGGRESSIVE;
				CLANG_CXX_LANGUAGE_STANDARD = "gnu++14";
				CLANG_CXX_LIBRARY = "libc++";
				CLANG_ENABLE_MODULES = YES;
				CLANG_ENABLE_OBJC_ARC = YES;
				CLANG_ENABLE_OBJC_WEAK = YES;
				CLANG_WARN_BLOCK_CAPTURE_AUTORELEASING = YES;
				CLANG_WARN_BOOL_CONVERSION = YES;
				CLANG_WARN_COMMA = YES;
				CLANG_WARN_CONSTANT_CONVERSION = YES;
				CLANG_WARN_DEPRECATED_OBJC_IMPLEMENTATIONS = YES;
				CLANG_WARN_DIRECT_OBJC_ISA_USAGE = YES_ERROR;
				CLANG_WARN_DOCUMENTATION_COMMENTS = YES;
				CLANG_WARN_EMPTY_BODY = YES;
				CLANG_WARN_ENUM_CONVERSION = YES;
				CLANG_WARN_INFINITE_RECURSION = YES;
				CLANG_WARN_INT_CONVERSION = YES;
				CLANG_WARN_NON_LITERAL_NULL_CONVERSION = YES;
				CLANG_WARN_OBJC_IMPLICIT_RETAIN_SELF = YES;
				CLANG_WARN_OBJC_LITERAL_CONVERSION = YES;
				CLANG_WARN_OBJC_ROOT_CLASS = YES_ERROR;
				CLANG_WARN_QUOTED_INCLUDE_IN_FRAMEWORK_HEADER = YES;
				CLANG_WARN_RANGE_LOOP_ANALYSIS = YES;
				CLANG_WARN_STRICT_PROTOTYPES = YES;
				CLANG_WARN_SUSPICIOUS_MOVE = YES;
				CLANG_WARN_UNGUARDED_AVAILABILITY = YES_AGGRESSIVE;
				CLANG_WARN_UNREACHABLE_CODE = YES;
				CLANG_WARN__DUPLICATE_METHOD_MATCH = YES;
				COPY_PHASE_STRIP = NO;
				DEBUG_INFORMATION_FORMAT = "dwarf-with-dsym";
				ENABLE_NS_ASSERTIONS = NO;
				ENABLE_STRICT_OBJC_MSGSEND = YES;
				GCC_C_LANGUAGE_STANDARD = gnu11;
				GCC_NO_COMMON_BLOCKS = YES;
				GCC_WARN_64_TO_32_BIT_CONVERSION = YES;
				GCC_WARN_ABOUT_RETURN_TYPE = YES_ERROR;
				GCC_WARN_UNDECLARED_SELECTOR = YES;
				GCC_WARN_UNINITIALIZED_AUTOS = YES_AGGRESSIVE;
				GCC_WARN_UNUSED_FUNCTION = YES;
				GCC_WARN_UNUSED_VARIABLE = YES;
				IPHONEOS_DEPLOYMENT_TARGET = 14.4;
				MTL_ENABLE_DEBUG_INFO = NO;
				MTL_FAST_MATH = YES;
				SDKROOT = iphoneos;
				SWIFT_COMPILATION_MODE = wholemodule;
				SWIFT_OPTIMIZATION_LEVEL = "-O";
				VALIDATE_PRODUCT = YES;
			};
			name = Release;
		};
		8CBE08F52AF9B0E200111722 /* Debug */ = {
			isa = XCBuildConfiguration;
			buildSettings = {
				ASSETCATALOG_COMPILER_APPICON_NAME = AppIcon;
				ASSETCATALOG_COMPILER_GLOBAL_ACCENT_COLOR_NAME = AccentColor;
				CODE_SIGN_STYLE = Automatic;
				DEVELOPMENT_ASSET_PATHS = "\"Preferencias/Preview Content\"";
				ENABLE_PREVIEWS = YES;
				INFOPLIST_FILE = Preferencias/Info.plist;
				IPHONEOS_DEPLOYMENT_TARGET = 14.0;
				LD_RUNPATH_SEARCH_PATHS = (
					"$(inherited)",
					"@executable_path/Frameworks",
				);
				PRODUCT_BUNDLE_IDENTIFIER = edu.iest.Preferencias;
				PRODUCT_NAME = "$(TARGET_NAME)";
				SWIFT_VERSION = 5.0;
				TARGETED_DEVICE_FAMILY = "1,2";
			};
			name = Debug;
		};
		8CBE08F62AF9B0E200111722 /* Release */ = {
			isa = XCBuildConfiguration;
			buildSettings = {
				ASSETCATALOG_COMPILER_APPICON_NAME = AppIcon;
				ASSETCATALOG_COMPILER_GLOBAL_ACCENT_COLOR_NAME = AccentColor;
				CODE_SIGN_STYLE = Automatic;
				DEVELOPMENT_ASSET_PATHS = "\"Preferencias/Preview Content\"";
				ENABLE_PREVIEWS = YES;
				INFOPLIST_FILE = Preferencias/Info.plist;
				IPHONEOS_DEPLOYMENT_TARGET = 14.0;
				LD_RUNPATH_SEARCH_PATHS = (
					"$(inherited)",
					"@executable_path/Frameworks",
				);
				PRODUCT_BUNDLE_IDENTIFIER = edu.iest.Preferencias;
				PRODUCT_NAME = "$(TARGET_NAME)";
				SWIFT_VERSION = 5.0;
				TARGETED_DEVICE_FAMILY = "1,2";
			};
			name = Release;
		};
/* End XCBuildConfiguration section */

/* Begin XCConfigurationList section */
		8CBE08E02AF9B0E100111722 /* Build configuration list for PBXProject "Preferencias" */ = {
			isa = XCConfigurationList;
			buildConfigurations = (
				8CBE08F22AF9B0E200111722 /* Debug */,
				8CBE08F32AF9B0E200111722 /* Release */,
			);
			defaultConfigurationIsVisible = 0;
			defaultConfigurationName = Release;
		};
		8CBE08F42AF9B0E200111722 /* Build configuration list for PBXNativeTarget "Preferencias" */ = {
			isa = XCConfigurationList;
			buildConfigurations = (
				8CBE08F52AF9B0E200111722 /* Debug */,
				8CBE08F62AF9B0E200111722 /* Release */,
			);
			defaultConfigurationIsVisible = 0;
			defaultConfigurationName = Release;
		};
/* End XCConfigurationList section */
	};
	rootObject = 8CBE08DD2AF9B0E100111722 /* Project object */;
}
