// !$*UTF8*$!
{
	archiveVersion = 1;
	classes = {
	};
	objectVersion = 50;
	objects = {

/* Begin PBXBuildFile section */
		8C2CA8C72ADA0ED2006CAEDC /* Tests_iOS.swift in Sources */ = {isa = PBXBuildFile; fileRef = 8C2CA8C62ADA0ED2006CAEDC /* Tests_iOS.swift */; };
		8C2CA8D22ADA0ED2006CAEDC /* Tests_macOS.swift in Sources */ = {isa = PBXBuildFile; fileRef = 8C2CA8D12ADA0ED2006CAEDC /* Tests_macOS.swift */; };
		8C2CA8D42ADA0ED3006CAEDC /* CoreDataDemoApp.swift in Sources */ = {isa = PBXBuildFile; fileRef = 8C2CA8AB2ADA0ED0006CAEDC /* CoreDataDemoApp.swift */; };
		8C2CA8D52ADA0ED3006CAEDC /* CoreDataDemoApp.swift in Sources */ = {isa = PBXBuildFile; fileRef = 8C2CA8AB2ADA0ED0006CAEDC /* CoreDataDemoApp.swift */; };
		8C2CA8D62ADA0ED3006CAEDC /* ContentView.swift in Sources */ = {isa = PBXBuildFile; fileRef = 8C2CA8AC2ADA0ED0006CAEDC /* ContentView.swift */; };
		8C2CA8D72ADA0ED3006CAEDC /* ContentView.swift in Sources */ = {isa = PBXBuildFile; fileRef = 8C2CA8AC2ADA0ED0006CAEDC /* ContentView.swift */; };
		8C2CA8D82ADA0ED3006CAEDC /* Assets.xcassets in Resources */ = {isa = PBXBuildFile; fileRef = 8C2CA8AD2ADA0ED2006CAEDC /* Assets.xcassets */; };
		8C2CA8D92ADA0ED3006CAEDC /* Assets.xcassets in Resources */ = {isa = PBXBuildFile; fileRef = 8C2CA8AD2ADA0ED2006CAEDC /* Assets.xcassets */; };
		8CDA0DA22AE7312B009C0CC9 /* Products.xcdatamodeld in Sources */ = {isa = PBXBuildFile; fileRef = 8CDA0DA02AE7312B009C0CC9 /* Products.xcdatamodeld */; };
		8CDA0DA32AE7312B009C0CC9 /* Products.xcdatamodeld in Sources */ = {isa = PBXBuildFile; fileRef = 8CDA0DA02AE7312B009C0CC9 /* Products.xcdatamodeld */; };
		8CDA0DA92AE7334F009C0CC9 /* Persistence.swift in Sources */ = {isa = PBXBuildFile; fileRef = 8CDA0DA82AE7334F009C0CC9 /* Persistence.swift */; };
		8CDA0DAA2AE7334F009C0CC9 /* Persistence.swift in Sources */ = {isa = PBXBuildFile; fileRef = 8CDA0DA82AE7334F009C0CC9 /* Persistence.swift */; };
/* End PBXBuildFile section */

/* Begin PBXContainerItemProxy section */
		8C2CA8C32ADA0ED2006CAEDC /* PBXContainerItemProxy */ = {
			isa = PBXContainerItemProxy;
			containerPortal = 8C2CA8A62ADA0ED0006CAEDC /* Project object */;
			proxyType = 1;
			remoteGlobalIDString = 8C2CA8B12ADA0ED2006CAEDC;
			remoteInfo = "CoreDataDemo (iOS)";
		};
		8C2CA8CE2ADA0ED2006CAEDC /* PBXContainerItemProxy */ = {
			isa = PBXContainerItemProxy;
			containerPortal = 8C2CA8A62ADA0ED0006CAEDC /* Project object */;
			proxyType = 1;
			remoteGlobalIDString = 8C2CA8B92ADA0ED2006CAEDC;
			remoteInfo = "CoreDataDemo (macOS)";
		};
/* End PBXContainerItemProxy section */

/* Begin PBXFileReference section */
		8C2CA8AB2ADA0ED0006CAEDC /* CoreDataDemoApp.swift */ = {isa = PBXFileReference; lastKnownFileType = sourcecode.swift; path = CoreDataDemoApp.swift; sourceTree = "<group>"; };
		8C2CA8AC2ADA0ED0006CAEDC /* ContentView.swift */ = {isa = PBXFileReference; lastKnownFileType = sourcecode.swift; path = ContentView.swift; sourceTree = "<group>"; };
		8C2CA8AD2ADA0ED2006CAEDC /* Assets.xcassets */ = {isa = PBXFileReference; lastKnownFileType = folder.assetcatalog; path = Assets.xcassets; sourceTree = "<group>"; };
		8C2CA8B22ADA0ED2006CAEDC /* CoreDataDemo.app */ = {isa = PBXFileReference; explicitFileType = wrapper.application; includeInIndex = 0; path = CoreDataDemo.app; sourceTree = BUILT_PRODUCTS_DIR; };
		8C2CA8B52ADA0ED2006CAEDC /* Info.plist */ = {isa = PBXFileReference; lastKnownFileType = text.plist.xml; path = Info.plist; sourceTree = "<group>"; };
		8C2CA8BA2ADA0ED2006CAEDC /* CoreDataDemo.app */ = {isa = PBXFileReference; explicitFileType = wrapper.application; includeInIndex = 0; path = CoreDataDemo.app; sourceTree = BUILT_PRODUCTS_DIR; };
		8C2CA8BC2ADA0ED2006CAEDC /* Info.plist */ = {isa = PBXFileReference; lastKnownFileType = text.plist.xml; path = Info.plist; sourceTree = "<group>"; };
		8C2CA8BD2ADA0ED2006CAEDC /* macOS.entitlements */ = {isa = PBXFileReference; lastKnownFileType = text.plist.entitlements; path = macOS.entitlements; sourceTree = "<group>"; };
		8C2CA8C22ADA0ED2006CAEDC /* Tests iOS.xctest */ = {isa = PBXFileReference; explicitFileType = wrapper.cfbundle; includeInIndex = 0; path = "Tests iOS.xctest"; sourceTree = BUILT_PRODUCTS_DIR; };
		8C2CA8C62ADA0ED2006CAEDC /* Tests_iOS.swift */ = {isa = PBXFileReference; lastKnownFileType = sourcecode.swift; path = Tests_iOS.swift; sourceTree = "<group>"; };
		8C2CA8C82ADA0ED2006CAEDC /* Info.plist */ = {isa = PBXFileReference; lastKnownFileType = text.plist.xml; path = Info.plist; sourceTree = "<group>"; };
		8C2CA8CD2ADA0ED2006CAEDC /* Tests macOS.xctest */ = {isa = PBXFileReference; explicitFileType = wrapper.cfbundle; includeInIndex = 0; path = "Tests macOS.xctest"; sourceTree = BUILT_PRODUCTS_DIR; };
		8C2CA8D12ADA0ED2006CAEDC /* Tests_macOS.swift */ = {isa = PBXFileReference; lastKnownFileType = sourcecode.swift; path = Tests_macOS.swift; sourceTree = "<group>"; };
		8C2CA8D32ADA0ED3006CAEDC /* Info.plist */ = {isa = PBXFileReference; lastKnownFileType = text.plist.xml; path = Info.plist; sourceTree = "<group>"; };
		8CDA0DA12AE7312B009C0CC9 /* Products.xcdatamodel */ = {isa = PBXFileReference; lastKnownFileType = wrapper.xcdatamodel; path = Products.xcdatamodel; sourceTree = "<group>"; };
		8CDA0DA82AE7334F009C0CC9 /* Persistence.swift */ = {isa = PBXFileReference; lastKnownFileType = sourcecode.swift; path = Persistence.swift; sourceTree = "<group>"; };
/* End PBXFileReference section */

/* Begin PBXFrameworksBuildPhase section */
		8C2CA8AF2ADA0ED2006CAEDC /* Frameworks */ = {
			isa = PBXFrameworksBuildPhase;
			buildActionMask = 2147483647;
			files = (
			);
			runOnlyForDeploymentPostprocessing = 0;
		};
		8C2CA8B72ADA0ED2006CAEDC /* Frameworks */ = {
			isa = PBXFrameworksBuildPhase;
			buildActionMask = 2147483647;
			files = (
			);
			runOnlyForDeploymentPostprocessing = 0;
		};
		8C2CA8BF2ADA0ED2006CAEDC /* Frameworks */ = {
			isa = PBXFrameworksBuildPhase;
			buildActionMask = 2147483647;
			files = (
			);
			runOnlyForDeploymentPostprocessing = 0;
		};
		8C2CA8CA2ADA0ED2006CAEDC /* Frameworks */ = {
			isa = PBXFrameworksBuildPhase;
			buildActionMask = 2147483647;
			files = (
			);
			runOnlyForDeploymentPostprocessing = 0;
		};
/* End PBXFrameworksBuildPhase section */

/* Begin PBXGroup section */
		8C2CA8A52ADA0ED0006CAEDC = {
			isa = PBXGroup;
			children = (
				8C2CA8AA2ADA0ED0006CAEDC /* Shared */,
				8C2CA8B42ADA0ED2006CAEDC /* iOS */,
				8C2CA8BB2ADA0ED2006CAEDC /* macOS */,
				8C2CA8C52ADA0ED2006CAEDC /* Tests iOS */,
				8C2CA8D02ADA0ED2006CAEDC /* Tests macOS */,
				8C2CA8B32ADA0ED2006CAEDC /* Products */,
			);
			sourceTree = "<group>";
		};
		8C2CA8AA2ADA0ED0006CAEDC /* Shared */ = {
			isa = PBXGroup;
			children = (
				8C2CA8AB2ADA0ED0006CAEDC /* CoreDataDemoApp.swift */,
				8C2CA8AC2ADA0ED0006CAEDC /* ContentView.swift */,
				8C2CA8AD2ADA0ED2006CAEDC /* Assets.xcassets */,
				8CDA0DA02AE7312B009C0CC9 /* Products.xcdatamodeld */,
				8CDA0DA82AE7334F009C0CC9 /* Persistence.swift */,
			);
			path = Shared;
			sourceTree = "<group>";
		};
		8C2CA8B32ADA0ED2006CAEDC /* Products */ = {
			isa = PBXGroup;
			children = (
				8C2CA8B22ADA0ED2006CAEDC /* CoreDataDemo.app */,
				8C2CA8BA2ADA0ED2006CAEDC /* CoreDataDemo.app */,
				8C2CA8C22ADA0ED2006CAEDC /* Tests iOS.xctest */,
				8C2CA8CD2ADA0ED2006CAEDC /* Tests macOS.xctest */,
			);
			name = Products;
			sourceTree = "<group>";
		};
		8C2CA8B42ADA0ED2006CAEDC /* iOS */ = {
			isa = PBXGroup;
			children = (
				8C2CA8B52ADA0ED2006CAEDC /* Info.plist */,
			);
			path = iOS;
			sourceTree = "<group>";
		};
		8C2CA8BB2ADA0ED2006CAEDC /* macOS */ = {
			isa = PBXGroup;
			children = (
				8C2CA8BC2ADA0ED2006CAEDC /* Info.plist */,
				8C2CA8BD2ADA0ED2006CAEDC /* macOS.entitlements */,
			);
			path = macOS;
			sourceTree = "<group>";
		};
		8C2CA8C52ADA0ED2006CAEDC /* Tests iOS */ = {
			isa = PBXGroup;
			children = (
				8C2CA8C62ADA0ED2006CAEDC /* Tests_iOS.swift */,
				8C2CA8C82ADA0ED2006CAEDC /* Info.plist */,
			);
			path = "Tests iOS";
			sourceTree = "<group>";
		};
		8C2CA8D02ADA0ED2006CAEDC /* Tests macOS */ = {
			isa = PBXGroup;
			children = (
				8C2CA8D12ADA0ED2006CAEDC /* Tests_macOS.swift */,
				8C2CA8D32ADA0ED3006CAEDC /* Info.plist */,
			);
			path = "Tests macOS";
			sourceTree = "<group>";
		};
/* End PBXGroup section */

/* Begin PBXNativeTarget section */
		8C2CA8B12ADA0ED2006CAEDC /* CoreDataDemo (iOS) */ = {
			isa = PBXNativeTarget;
			buildConfigurationList = 8C2CA8DC2ADA0ED3006CAEDC /* Build configuration list for PBXNativeTarget "CoreDataDemo (iOS)" */;
			buildPhases = (
				8C2CA8AE2ADA0ED2006CAEDC /* Sources */,
				8C2CA8AF2ADA0ED2006CAEDC /* Frameworks */,
				8C2CA8B02ADA0ED2006CAEDC /* Resources */,
			);
			buildRules = (
			);
			dependencies = (
			);
			name = "CoreDataDemo (iOS)";
			productName = "CoreDataDemo (iOS)";
			productReference = 8C2CA8B22ADA0ED2006CAEDC /* CoreDataDemo.app */;
			productType = "com.apple.product-type.application";
		};
		8C2CA8B92ADA0ED2006CAEDC /* CoreDataDemo (macOS) */ = {
			isa = PBXNativeTarget;
			buildConfigurationList = 8C2CA8DF2ADA0ED3006CAEDC /* Build configuration list for PBXNativeTarget "CoreDataDemo (macOS)" */;
			buildPhases = (
				8C2CA8B62ADA0ED2006CAEDC /* Sources */,
				8C2CA8B72ADA0ED2006CAEDC /* Frameworks */,
				8C2CA8B82ADA0ED2006CAEDC /* Resources */,
			);
			buildRules = (
			);
			dependencies = (
			);
			name = "CoreDataDemo (macOS)";
			productName = "CoreDataDemo (macOS)";
			productReference = 8C2CA8BA2ADA0ED2006CAEDC /* CoreDataDemo.app */;
			productType = "com.apple.product-type.application";
		};
		8C2CA8C12ADA0ED2006CAEDC /* Tests iOS */ = {
			isa = PBXNativeTarget;
			buildConfigurationList = 8C2CA8E22ADA0ED3006CAEDC /* Build configuration list for PBXNativeTarget "Tests iOS" */;
			buildPhases = (
				8C2CA8BE2ADA0ED2006CAEDC /* Sources */,
				8C2CA8BF2ADA0ED2006CAEDC /* Frameworks */,
				8C2CA8C02ADA0ED2006CAEDC /* Resources */,
			);
			buildRules = (
			);
			dependencies = (
				8C2CA8C42ADA0ED2006CAEDC /* PBXTargetDependency */,
			);
			name = "Tests iOS";
			productName = "Tests iOS";
			productReference = 8C2CA8C22ADA0ED2006CAEDC /* Tests iOS.xctest */;
			productType = "com.apple.product-type.bundle.ui-testing";
		};
		8C2CA8CC2ADA0ED2006CAEDC /* Tests macOS */ = {
			isa = PBXNativeTarget;
			buildConfigurationList = 8C2CA8E52ADA0ED3006CAEDC /* Build configuration list for PBXNativeTarget "Tests macOS" */;
			buildPhases = (
				8C2CA8C92ADA0ED2006CAEDC /* Sources */,
				8C2CA8CA2ADA0ED2006CAEDC /* Frameworks */,
				8C2CA8CB2ADA0ED2006CAEDC /* Resources */,
			);
			buildRules = (
			);
			dependencies = (
				8C2CA8CF2ADA0ED2006CAEDC /* PBXTargetDependency */,
			);
			name = "Tests macOS";
			productName = "Tests macOS";
			productReference = 8C2CA8CD2ADA0ED2006CAEDC /* Tests macOS.xctest */;
			productType = "com.apple.product-type.bundle.ui-testing";
		};
/* End PBXNativeTarget section */

/* Begin PBXProject section */
		8C2CA8A62ADA0ED0006CAEDC /* Project object */ = {
			isa = PBXProject;
			attributes = {
				LastSwiftUpdateCheck = 1240;
				LastUpgradeCheck = 1240;
				TargetAttributes = {
					8C2CA8B12ADA0ED2006CAEDC = {
						CreatedOnToolsVersion = 12.4;
					};
					8C2CA8B92ADA0ED2006CAEDC = {
						CreatedOnToolsVersion = 12.4;
					};
					8C2CA8C12ADA0ED2006CAEDC = {
						CreatedOnToolsVersion = 12.4;
						TestTargetID = 8C2CA8B12ADA0ED2006CAEDC;
					};
					8C2CA8CC2ADA0ED2006CAEDC = {
						CreatedOnToolsVersion = 12.4;
						TestTargetID = 8C2CA8B92ADA0ED2006CAEDC;
					};
				};
			};
			buildConfigurationList = 8C2CA8A92ADA0ED0006CAEDC /* Build configuration list for PBXProject "CoreDataDemo" */;
			compatibilityVersion = "Xcode 9.3";
			developmentRegion = en;
			hasScannedForEncodings = 0;
			knownRegions = (
				en,
				Base,
			);
			mainGroup = 8C2CA8A52ADA0ED0006CAEDC;
			productRefGroup = 8C2CA8B32ADA0ED2006CAEDC /* Products */;
			projectDirPath = "";
			projectRoot = "";
			targets = (
				8C2CA8B12ADA0ED2006CAEDC /* CoreDataDemo (iOS) */,
				8C2CA8B92ADA0ED2006CAEDC /* CoreDataDemo (macOS) */,
				8C2CA8C12ADA0ED2006CAEDC /* Tests iOS */,
				8C2CA8CC2ADA0ED2006CAEDC /* Tests macOS */,
			);
		};
/* End PBXProject section */

/* Begin PBXResourcesBuildPhase section */
		8C2CA8B02ADA0ED2006CAEDC /* Resources */ = {
			isa = PBXResourcesBuildPhase;
			buildActionMask = 2147483647;
			files = (
				8C2CA8D82ADA0ED3006CAEDC /* Assets.xcassets in Resources */,
			);
			runOnlyForDeploymentPostprocessing = 0;
		};
		8C2CA8B82ADA0ED2006CAEDC /* Resources */ = {
			isa = PBXResourcesBuildPhase;
			buildActionMask = 2147483647;
			files = (
				8C2CA8D92ADA0ED3006CAEDC /* Assets.xcassets in Resources */,
			);
			runOnlyForDeploymentPostprocessing = 0;
		};
		8C2CA8C02ADA0ED2006CAEDC /* Resources */ = {
			isa = PBXResourcesBuildPhase;
			buildActionMask = 2147483647;
			files = (
			);
			runOnlyForDeploymentPostprocessing = 0;
		};
		8C2CA8CB2ADA0ED2006CAEDC /* Resources */ = {
			isa = PBXResourcesBuildPhase;
			buildActionMask = 2147483647;
			files = (
			);
			runOnlyForDeploymentPostprocessing = 0;
		};
/* End PBXResourcesBuildPhase section */

/* Begin PBXSourcesBuildPhase section */
		8C2CA8AE2ADA0ED2006CAEDC /* Sources */ = {
			isa = PBXSourcesBuildPhase;
			buildActionMask = 2147483647;
			files = (
				8C2CA8D62ADA0ED3006CAEDC /* ContentView.swift in Sources */,
				8CDA0DA92AE7334F009C0CC9 /* Persistence.swift in Sources */,
				8C2CA8D42ADA0ED3006CAEDC /* CoreDataDemoApp.swift in Sources */,
				8CDA0DA22AE7312B009C0CC9 /* Products.xcdatamodeld in Sources */,
			);
			runOnlyForDeploymentPostprocessing = 0;
		};
		8C2CA8B62ADA0ED2006CAEDC /* Sources */ = {
			isa = PBXSourcesBuildPhase;
			buildActionMask = 2147483647;
			files = (
				8C2CA8D72ADA0ED3006CAEDC /* ContentView.swift in Sources */,
				8CDA0DAA2AE7334F009C0CC9 /* Persistence.swift in Sources */,
				8C2CA8D52ADA0ED3006CAEDC /* CoreDataDemoApp.swift in Sources */,
				8CDA0DA32AE7312B009C0CC9 /* Products.xcdatamodeld in Sources */,
			);
			runOnlyForDeploymentPostprocessing = 0;
		};
		8C2CA8BE2ADA0ED2006CAEDC /* Sources */ = {
			isa = PBXSourcesBuildPhase;
			buildActionMask = 2147483647;
			files = (
				8C2CA8C72ADA0ED2006CAEDC /* Tests_iOS.swift in Sources */,
			);
			runOnlyForDeploymentPostprocessing = 0;
		};
		8C2CA8C92ADA0ED2006CAEDC /* Sources */ = {
			isa = PBXSourcesBuildPhase;
			buildActionMask = 2147483647;
			files = (
				8C2CA8D22ADA0ED2006CAEDC /* Tests_macOS.swift in Sources */,
			);
			runOnlyForDeploymentPostprocessing = 0;
		};
/* End PBXSourcesBuildPhase section */

/* Begin PBXTargetDependency section */
		8C2CA8C42ADA0ED2006CAEDC /* PBXTargetDependency */ = {
			isa = PBXTargetDependency;
			target = 8C2CA8B12ADA0ED2006CAEDC /* CoreDataDemo (iOS) */;
			targetProxy = 8C2CA8C32ADA0ED2006CAEDC /* PBXContainerItemProxy */;
		};
		8C2CA8CF2ADA0ED2006CAEDC /* PBXTargetDependency */ = {
			isa = PBXTargetDependency;
			target = 8C2CA8B92ADA0ED2006CAEDC /* CoreDataDemo (macOS) */;
			targetProxy = 8C2CA8CE2ADA0ED2006CAEDC /* PBXContainerItemProxy */;
		};
/* End PBXTargetDependency section */

/* Begin XCBuildConfiguration section */
		8C2CA8DA2ADA0ED3006CAEDC /* Debug */ = {
			isa = XCBuildConfiguration;
			buildSettings = {
				ALWAYS_SEARCH_USER_PATHS = NO;
				CLANG_ANALYZER_NONNULL = YES;
				CLANG_ANALYZER_NUMBER_OBJECT_CONVERSION = YES_AGGRESSIVE;
				CLANG_CXX_LANGUAGE_STANDARD = "gnu++14";
				CLANG_CXX_LIBRARY = "libc++";
				CLANG_ENABLE_MODULES = YES;
				CLANG_ENABLE_OBJC_ARC = YES;
				CLANG_ENABLE_OBJC_WEAK = YES;
				CLANG_WARN_BLOCK_CAPTURE_AUTORELEASING = YES;
				CLANG_WARN_BOOL_CONVERSION = YES;
				CLANG_WARN_COMMA = YES;
				CLANG_WARN_CONSTANT_CONVERSION = YES;
				CLANG_WARN_DEPRECATED_OBJC_IMPLEMENTATIONS = YES;
				CLANG_WARN_DIRECT_OBJC_ISA_USAGE = YES_ERROR;
				CLANG_WARN_DOCUMENTATION_COMMENTS = YES;
				CLANG_WARN_EMPTY_BODY = YES;
				CLANG_WARN_ENUM_CONVERSION = YES;
				CLANG_WARN_INFINITE_RECURSION = YES;
				CLANG_WARN_INT_CONVERSION = YES;
				CLANG_WARN_NON_LITERAL_NULL_CONVERSION = YES;
				CLANG_WARN_OBJC_IMPLICIT_RETAIN_SELF = YES;
				CLANG_WARN_OBJC_LITERAL_CONVERSION = YES;
				CLANG_WARN_OBJC_ROOT_CLASS = YES_ERROR;
				CLANG_WARN_QUOTED_INCLUDE_IN_FRAMEWORK_HEADER = YES;
				CLANG_WARN_RANGE_LOOP_ANALYSIS = YES;
				CLANG_WARN_STRICT_PROTOTYPES = YES;
				CLANG_WARN_SUSPICIOUS_MOVE = YES;
				CLANG_WARN_UNGUARDED_AVAILABILITY = YES_AGGRESSIVE;
				CLANG_WARN_UNREACHABLE_CODE = YES;
				CLANG_WARN__DUPLICATE_METHOD_MATCH = YES;
				COPY_PHASE_STRIP = NO;
				DEBUG_INFORMATION_FORMAT = dwarf;
				ENABLE_STRICT_OBJC_MSGSEND = YES;
				ENABLE_TESTABILITY = YES;
				GCC_C_LANGUAGE_STANDARD = gnu11;
				GCC_DYNAMIC_NO_PIC = NO;
				GCC_NO_COMMON_BLOCKS = YES;
				GCC_OPTIMIZATION_LEVEL = 0;
				GCC_PREPROCESSOR_DEFINITIONS = (
					"DEBUG=1",
					"$(inherited)",
				);
				GCC_WARN_64_TO_32_BIT_CONVERSION = YES;
				GCC_WARN_ABOUT_RETURN_TYPE = YES_ERROR;
				GCC_WARN_UNDECLARED_SELECTOR = YES;
				GCC_WARN_UNINITIALIZED_AUTOS = YES_AGGRESSIVE;
				GCC_WARN_UNUSED_FUNCTION = YES;
				GCC_WARN_UNUSED_VARIABLE = YES;
				MTL_ENABLE_DEBUG_INFO = INCLUDE_SOURCE;
				MTL_FAST_MATH = YES;
				ONLY_ACTIVE_ARCH = YES;
				SWIFT_ACTIVE_COMPILATION_CONDITIONS = DEBUG;
				SWIFT_OPTIMIZATION_LEVEL = "-Onone";
			};
			name = Debug;
		};
		8C2CA8DB2ADA0ED3006CAEDC /* Release */ = {
			isa = XCBuildConfiguration;
			buildSettings = {
				ALWAYS_SEARCH_USER_PATHS = NO;
				CLANG_ANALYZER_NONNULL = YES;
				CLANG_ANALYZER_NUMBER_OBJECT_CONVERSION = YES_AGGRESSIVE;
				CLANG_CXX_LANGUAGE_STANDARD = "gnu++14";
				CLANG_CXX_LIBRARY = "libc++";
				CLANG_ENABLE_MODULES = YES;
				CLANG_ENABLE_OBJC_ARC = YES;
				CLANG_ENABLE_OBJC_WEAK = YES;
				CLANG_WARN_BLOCK_CAPTURE_AUTORELEASING = YES;
				CLANG_WARN_BOOL_CONVERSION = YES;
				CLANG_WARN_COMMA = YES;
				CLANG_WARN_CONSTANT_CONVERSION = YES;
				CLANG_WARN_DEPRECATED_OBJC_IMPLEMENTATIONS = YES;
				CLANG_WARN_DIRECT_OBJC_ISA_USAGE = YES_ERROR;
				CLANG_WARN_DOCUMENTATION_COMMENTS = YES;
				CLANG_WARN_EMPTY_BODY = YES;
				CLANG_WARN_ENUM_CONVERSION = YES;
				CLANG_WARN_INFINITE_RECURSION = YES;
				CLANG_WARN_INT_CONVERSION = YES;
				CLANG_WARN_NON_LITERAL_NULL_CONVERSION = YES;
				CLANG_WARN_OBJC_IMPLICIT_RETAIN_SELF = YES;
				CLANG_WARN_OBJC_LITERAL_CONVERSION = YES;
				CLANG_WARN_OBJC_ROOT_CLASS = YES_ERROR;
				CLANG_WARN_QUOTED_INCLUDE_IN_FRAMEWORK_HEADER = YES;
				CLANG_WARN_RANGE_LOOP_ANALYSIS = YES;
				CLANG_WARN_STRICT_PROTOTYPES = YES;
				CLANG_WARN_SUSPICIOUS_MOVE = YES;
				CLANG_WARN_UNGUARDED_AVAILABILITY = YES_AGGRESSIVE;
				CLANG_WARN_UNREACHABLE_CODE = YES;
				CLANG_WARN__DUPLICATE_METHOD_MATCH = YES;
				COPY_PHASE_STRIP = NO;
				DEBUG_INFORMATION_FORMAT = "dwarf-with-dsym";
				ENABLE_NS_ASSERTIONS = NO;
				ENABLE_STRICT_OBJC_MSGSEND = YES;
				GCC_C_LANGUAGE_STANDARD = gnu11;
				GCC_NO_COMMON_BLOCKS = YES;
				GCC_WARN_64_TO_32_BIT_CONVERSION = YES;
				GCC_WARN_ABOUT_RETURN_TYPE = YES_ERROR;
				GCC_WARN_UNDECLARED_SELECTOR = YES;
				GCC_WARN_UNINITIALIZED_AUTOS = YES_AGGRESSIVE;
				GCC_WARN_UNUSED_FUNCTION = YES;
				GCC_WARN_UNUSED_VARIABLE = YES;
				MTL_ENABLE_DEBUG_INFO = NO;
				MTL_FAST_MATH = YES;
				SWIFT_COMPILATION_MODE = wholemodule;
				SWIFT_OPTIMIZATION_LEVEL = "-O";
			};
			name = Release;
		};
		8C2CA8DD2ADA0ED3006CAEDC /* Debug */ = {
			isa = XCBuildConfiguration;
			buildSettings = {
				ASSETCATALOG_COMPILER_APPICON_NAME = AppIcon;
				ASSETCATALOG_COMPILER_GLOBAL_ACCENT_COLOR_NAME = AccentColor;
				CODE_SIGN_STYLE = Automatic;
				ENABLE_PREVIEWS = YES;
				INFOPLIST_FILE = iOS/Info.plist;
				IPHONEOS_DEPLOYMENT_TARGET = 14.0;
				LD_RUNPATH_SEARCH_PATHS = (
					"$(inherited)",
					"@executable_path/Frameworks",
				);
				PRODUCT_BUNDLE_IDENTIFIER = edu.iest.CoreDataDemo;
				PRODUCT_NAME = CoreDataDemo;
				SDKROOT = iphoneos;
				SWIFT_VERSION = 5.0;
				TARGETED_DEVICE_FAMILY = "1,2";
			};
			name = Debug;
		};
		8C2CA8DE2ADA0ED3006CAEDC /* Release */ = {
			isa = XCBuildConfiguration;
			buildSettings = {
				ASSETCATALOG_COMPILER_APPICON_NAME = AppIcon;
				ASSETCATALOG_COMPILER_GLOBAL_ACCENT_COLOR_NAME = AccentColor;
				CODE_SIGN_STYLE = Automatic;
				ENABLE_PREVIEWS = YES;
				INFOPLIST_FILE = iOS/Info.plist;
				IPHONEOS_DEPLOYMENT_TARGET = 14.0;
				LD_RUNPATH_SEARCH_PATHS = (
					"$(inherited)",
					"@executable_path/Frameworks",
				);
				PRODUCT_BUNDLE_IDENTIFIER = edu.iest.CoreDataDemo;
				PRODUCT_NAME = CoreDataDemo;
				SDKROOT = iphoneos;
				SWIFT_VERSION = 5.0;
				TARGETED_DEVICE_FAMILY = "1,2";
				VALIDATE_PRODUCT = YES;
			};
			name = Release;
		};
		8C2CA8E02ADA0ED3006CAEDC /* Debug */ = {
			isa = XCBuildConfiguration;
			buildSettings = {
				ASSETCATALOG_COMPILER_APPICON_NAME = AppIcon;
				ASSETCATALOG_COMPILER_GLOBAL_ACCENT_COLOR_NAME = AccentColor;
				CODE_SIGN_ENTITLEMENTS = macOS/macOS.entitlements;
				CODE_SIGN_STYLE = Automatic;
				COMBINE_HIDPI_IMAGES = YES;
				ENABLE_PREVIEWS = YES;
				INFOPLIST_FILE = macOS/Info.plist;
				LD_RUNPATH_SEARCH_PATHS = (
					"$(inherited)",
					"@executable_path/../Frameworks",
				);
				MACOSX_DEPLOYMENT_TARGET = 11.0;
				PRODUCT_BUNDLE_IDENTIFIER = edu.iest.CoreDataDemo;
				PRODUCT_NAME = CoreDataDemo;
				SDKROOT = macosx;
				SWIFT_VERSION = 5.0;
			};
			name = Debug;
		};
		8C2CA8E12ADA0ED3006CAEDC /* Release */ = {
			isa = XCBuildConfiguration;
			buildSettings = {
				ASSETCATALOG_COMPILER_APPICON_NAME = AppIcon;
				ASSETCATALOG_COMPILER_GLOBAL_ACCENT_COLOR_NAME = AccentColor;
				CODE_SIGN_ENTITLEMENTS = macOS/macOS.entitlements;
				CODE_SIGN_STYLE = Automatic;
				COMBINE_HIDPI_IMAGES = YES;
				ENABLE_PREVIEWS = YES;
				INFOPLIST_FILE = macOS/Info.plist;
				LD_RUNPATH_SEARCH_PATHS = (
					"$(inherited)",
					"@executable_path/../Frameworks",
				);
				MACOSX_DEPLOYMENT_TARGET = 11.0;
				PRODUCT_BUNDLE_IDENTIFIER = edu.iest.CoreDataDemo;
				PRODUCT_NAME = CoreDataDemo;
				SDKROOT = macosx;
				SWIFT_VERSION = 5.0;
			};
			name = Release;
		};
		8C2CA8E32ADA0ED3006CAEDC /* Debug */ = {
			isa = XCBuildConfiguration;
			buildSettings = {
				ALWAYS_EMBED_SWIFT_STANDARD_LIBRARIES = YES;
				CODE_SIGN_STYLE = Automatic;
				INFOPLIST_FILE = "Tests iOS/Info.plist";
				IPHONEOS_DEPLOYMENT_TARGET = 14.4;
				LD_RUNPATH_SEARCH_PATHS = (
					"$(inherited)",
					"@executable_path/Frameworks",
					"@loader_path/Frameworks",
				);
				PRODUCT_BUNDLE_IDENTIFIER = "edu.iest.Tests-iOS";
				PRODUCT_NAME = "$(TARGET_NAME)";
				SDKROOT = iphoneos;
				SWIFT_VERSION = 5.0;
				TARGETED_DEVICE_FAMILY = "1,2";
				TEST_TARGET_NAME = "CoreDataDemo (iOS)";
			};
			name = Debug;
		};
		8C2CA8E42ADA0ED3006CAEDC /* Release */ = {
			isa = XCBuildConfiguration;
			buildSettings = {
				ALWAYS_EMBED_SWIFT_STANDARD_LIBRARIES = YES;
				CODE_SIGN_STYLE = Automatic;
				INFOPLIST_FILE = "Tests iOS/Info.plist";
				IPHONEOS_DEPLOYMENT_TARGET = 14.4;
				LD_RUNPATH_SEARCH_PATHS = (
					"$(inherited)",
					"@executable_path/Frameworks",
					"@loader_path/Frameworks",
				);
				PRODUCT_BUNDLE_IDENTIFIER = "edu.iest.Tests-iOS";
				PRODUCT_NAME = "$(TARGET_NAME)";
				SDKROOT = iphoneos;
				SWIFT_VERSION = 5.0;
				TARGETED_DEVICE_FAMILY = "1,2";
				TEST_TARGET_NAME = "CoreDataDemo (iOS)";
				VALIDATE_PRODUCT = YES;
			};
			name = Release;
		};
		8C2CA8E62ADA0ED3006CAEDC /* Debug */ = {
			isa = XCBuildConfiguration;
			buildSettings = {
				ALWAYS_EMBED_SWIFT_STANDARD_LIBRARIES = YES;
				CODE_SIGN_STYLE = Automatic;
				COMBINE_HIDPI_IMAGES = YES;
				INFOPLIST_FILE = "Tests macOS/Info.plist";
				LD_RUNPATH_SEARCH_PATHS = (
					"$(inherited)",
					"@executable_path/../Frameworks",
					"@loader_path/../Frameworks",
				);
				MACOSX_DEPLOYMENT_TARGET = 10.15;
				PRODUCT_BUNDLE_IDENTIFIER = "edu.iest.Tests-macOS";
				PRODUCT_NAME = "$(TARGET_NAME)";
				SDKROOT = macosx;
				SWIFT_VERSION = 5.0;
				TEST_TARGET_NAME = "CoreDataDemo (macOS)";
			};
			name = Debug;
		};
		8C2CA8E72ADA0ED3006CAEDC /* Release */ = {
			isa = XCBuildConfiguration;
			buildSettings = {
				ALWAYS_EMBED_SWIFT_STANDARD_LIBRARIES = YES;
				CODE_SIGN_STYLE = Automatic;
				COMBINE_HIDPI_IMAGES = YES;
				INFOPLIST_FILE = "Tests macOS/Info.plist";
				LD_RUNPATH_SEARCH_PATHS = (
					"$(inherited)",
					"@executable_path/../Frameworks",
					"@loader_path/../Frameworks",
				);
				MACOSX_DEPLOYMENT_TARGET = 10.15;
				PRODUCT_BUNDLE_IDENTIFIER = "edu.iest.Tests-macOS";
				PRODUCT_NAME = "$(TARGET_NAME)";
				SDKROOT = macosx;
				SWIFT_VERSION = 5.0;
				TEST_TARGET_NAME = "CoreDataDemo (macOS)";
			};
			name = Release;
		};
/* End XCBuildConfiguration section */

/* Begin XCConfigurationList section */
		8C2CA8A92ADA0ED0006CAEDC /* Build configuration list for PBXProject "CoreDataDemo" */ = {
			isa = XCConfigurationList;
			buildConfigurations = (
				8C2CA8DA2ADA0ED3006CAEDC /* Debug */,
				8C2CA8DB2ADA0ED3006CAEDC /* Release */,
			);
			defaultConfigurationIsVisible = 0;
			defaultConfigurationName = Release;
		};
		8C2CA8DC2ADA0ED3006CAEDC /* Build configuration list for PBXNativeTarget "CoreDataDemo (iOS)" */ = {
			isa = XCConfigurationList;
			buildConfigurations = (
				8C2CA8DD2ADA0ED3006CAEDC /* Debug */,
				8C2CA8DE2ADA0ED3006CAEDC /* Release */,
			);
			defaultConfigurationIsVisible = 0;
			defaultConfigurationName = Release;
		};
		8C2CA8DF2ADA0ED3006CAEDC /* Build configuration list for PBXNativeTarget "CoreDataDemo (macOS)" */ = {
			isa = XCConfigurationList;
			buildConfigurations = (
				8C2CA8E02ADA0ED3006CAEDC /* Debug */,
				8C2CA8E12ADA0ED3006CAEDC /* Release */,
			);
			defaultConfigurationIsVisible = 0;
			defaultConfigurationName = Release;
		};
		8C2CA8E22ADA0ED3006CAEDC /* Build configuration list for PBXNativeTarget "Tests iOS" */ = {
			isa = XCConfigurationList;
			buildConfigurations = (
				8C2CA8E32ADA0ED3006CAEDC /* Debug */,
				8C2CA8E42ADA0ED3006CAEDC /* Release */,
			);
			defaultConfigurationIsVisible = 0;
			defaultConfigurationName = Release;
		};
		8C2CA8E52ADA0ED3006CAEDC /* Build configuration list for PBXNativeTarget "Tests macOS" */ = {
			isa = XCConfigurationList;
			buildConfigurations = (
				8C2CA8E62ADA0ED3006CAEDC /* Debug */,
				8C2CA8E72ADA0ED3006CAEDC /* Release */,
			);
			defaultConfigurationIsVisible = 0;
			defaultConfigurationName = Release;
		};
/* End XCConfigurationList section */

/* Begin XCVersionGroup section */
		8CDA0DA02AE7312B009C0CC9 /* Products.xcdatamodeld */ = {
			isa = XCVersionGroup;
			children = (
				8CDA0DA12AE7312B009C0CC9 /* Products.xcdatamodel */,
			);
			currentVersion = 8CDA0DA12AE7312B009C0CC9 /* Products.xcdatamodel */;
			path = Products.xcdatamodeld;
			sourceTree = "<group>";
			versionGroupType = wrapper.xcdatamodel;
		};
/* End XCVersionGroup section */
	};
	rootObject = 8C2CA8A62ADA0ED0006CAEDC /* Project object */;
}
